	<Project xmlns="http://schemas.microsoft.com/developer/msbuild/2003">
		<PropertyGroup>
			<ProjectGuid>{7d7f2557-bd5b-4608-9a3e-1738e9a7ac33}</ProjectGuid>
			<MainSource>ttg.dpr</MainSource>
			<Configuration Condition=" '$(Configuration)' == '' ">Debug</Configuration>
			<Platform Condition=" '$(Platform)' == '' ">AnyCPU</Platform>
			<DCC_DCCCompiler>DCC32</DCC_DCCCompiler>
			<DCC_DependencyCheckOutputName>..\..\bin\ttg.exe</DCC_DependencyCheckOutputName>
			<ProjectVersion>12.0</ProjectVersion>
			<Config Condition="'$(Config)'==''">Release</Config>
		</PropertyGroup>
		<PropertyGroup Condition="'$(Config)'=='Base' or '$(Base)'!=''">
			<Base>true</Base>
		</PropertyGroup>
		<PropertyGroup Condition="'$(Config)'=='Release' or '$(Cfg_1)'!=''">
			<Cfg_1>true</Cfg_1>
			<CfgParent>Base</CfgParent>
			<Base>true</Base>
		</PropertyGroup>
		<PropertyGroup Condition="'$(Config)'=='Debug' or '$(Cfg_2)'!=''">
			<Cfg_2>true</Cfg_2>
			<CfgParent>Base</CfgParent>
			<Base>true</Base>
		</PropertyGroup>
		<PropertyGroup Condition="'$(Base)'!=''">
			<DCC_IOChecking>false</DCC_IOChecking>
			<DCC_UnitSearchPath>E:\apps\pascal\ZEOSDBO-7.0.0-alpha\src\dbc;E:\apps\pascal\ZEOSDBO-7.0.0-alpha\src\core;E:\apps\pascal\ZEOSDBO-7.0.0-alpha\src\parsesql;E:\apps\pascal\ZEOSDBO-7.0.0-alpha\src\plain;$(DCC_UnitSearchPath)</DCC_UnitSearchPath>
			<DCC_ExeOutput>..\bin\</DCC_ExeOutput>
			<DCC_ObjOutput>..\obj\</DCC_ObjOutput>
			<DCC_UsePackage>vclx;vcl;vclimg;dbrtl;Rave77VCL;bdertl;rtl;vclactnband;xmlrtl;vcldb;vcldbx;vcltouch;dsnap;dsnapcon;TeeUI;TeeDB;Tee;vclib;ibxpress;adortl;IndyCore;IndySystem;IndyProtocols;inet;intrawebdb_100_140;Intraweb_100_140;VclSmp;vclie;websnap;webdsnap;inetdb;inetdbbde;inetdbxpress;soaprtl;vclribbon;dbexpress;DbxCommonDriver;DataSnapIndy10ServerTransport;DataSnapProviderClient;DbxClientDriver;DataSnapServer;DBXInterBaseDriver;DBXMySQLDriver;dbxcds;DBXFirebirdDriver;DBXSybaseASEDriver;DBXSybaseASADriver;DBXOracleDriver;DBXMSSQLDriver;DBXInformixDriver;DBXDb2Driver;VKDBF2009;Jcl;JclVcl;JvCoreD14R;JvSystemD14R;JvStdCtrlsD14R;JvAppFrmD14R;JvBandsD14R;JvDBD14R;JvDlgsD14R;JvBDED14R;JvCmpD14R;JvCryptD14R;JvCtrlsD14R;JvCustomD14R;JvDockingD14R;JvDotNetCtrlsD14R;JvEDID14R;JvGlobusD14R;JvHMID14R;JvInterpreterD14R;JvJansD14R;JvManagedThreadsD14R;JvMMD14R;JvNetD14R;JvPageCompsD14R;JvPluginD14R;JvPrintPreviewD14R;JvRuntimeDesignD14R;JvTimeFrameworkD14R;JvValidatorsD14R;JvWizardD14R;JvXPCtrlsD14R;kbmMemD2010Run;D2010_SqlitePassDbo_Designtime;D2010_SqlitePassDbo_Runtime;ZComponent;ZDbc;ZPlain;ZCore;ZParseSql</DCC_UsePackage>
			<DCC_HppOutput>..\obj\</DCC_HppOutput>
			<DCC_DcuOutput>..\obj\</DCC_DcuOutput>
			<DCC_DependencyCheckOutputName>..\bin\ttg.exe</DCC_DependencyCheckOutputName>
		</PropertyGroup>
		<PropertyGroup Condition="'$(Cfg_1)'!=''">
			<Version>7.0</Version>
			<DCC_DebugInformation>False</DCC_DebugInformation>
			<DCC_WriteableConstants>True</DCC_WriteableConstants>
			<DCC_LocalDebugSymbols>False</DCC_LocalDebugSymbols>
			<DCC_SymbolReferenceInfo>0</DCC_SymbolReferenceInfo>
			<DCC_ExeOutput>..\bin</DCC_ExeOutput>
			<DCC_Define>RELEASE;$(DCC_Define)</DCC_Define>
		</PropertyGroup>
		<PropertyGroup Condition="'$(Cfg_2)'!=''">
			<DCC_IOChecking>false</DCC_IOChecking>
			<DCC_RangeChecking>false</DCC_RangeChecking>
			<Version>7.0</Version>
			<DCC_WriteableConstants>True</DCC_WriteableConstants>
			<DCC_ExeOutput>..\bin</DCC_ExeOutput>
			<DCC_Define>DEBUG;$(DCC_Define)</DCC_Define>
			<DCC_DcuOutput>..\obj</DCC_DcuOutput>
			<DCC_ObjOutput>..\obj</DCC_ObjOutput>
			<DCC_HppOutput>..\obj</DCC_HppOutput>
			<DCC_Optimize>False</DCC_Optimize>
		</PropertyGroup>
		<ProjectExtensions>
			<Borland.Personality>Delphi.Personality.12</Borland.Personality>
			<Borland.ProjectType>VCLApplication</Borland.ProjectType>
			<BorlandProject>
				<Delphi.Personality>
					<Parameters>
						<Parameters Name="UseLauncher">False</Parameters>
						<Parameters Name="LoadAllSymbols">True</Parameters>
						<Parameters Name="LoadUnspecifiedSymbols">False</Parameters>
						<Parameters Name="DebugSourceDirs">E:\apps\pascal\ZEOSDBO-7.0.0-alpha\src\dbc\</Parameters>
						<Parameters Name="DebugCWD">..\..\bin</Parameters>
					</Parameters>
					<Language>
						<Language Name="ProjectLang">$0000300A</Language>
						<Language Name="RootDir">E:\apps\pascal\TTG\src\del\</Language>
					</Language>
					<VersionInfo>
						<VersionInfo Name="IncludeVerInfo">True</VersionInfo>
						<VersionInfo Name="AutoIncBuild">True</VersionInfo>
						<VersionInfo Name="MajorVer">1</VersionInfo>
						<VersionInfo Name="MinorVer">2</VersionInfo>
						<VersionInfo Name="Release">1</VersionInfo>
						<VersionInfo Name="Build">495</VersionInfo>
						<VersionInfo Name="Debug">False</VersionInfo>
						<VersionInfo Name="PreRelease">True</VersionInfo>
						<VersionInfo Name="Special">False</VersionInfo>
						<VersionInfo Name="Private">False</VersionInfo>
						<VersionInfo Name="DLL">False</VersionInfo>
						<VersionInfo Name="Locale">3082</VersionInfo>
						<VersionInfo Name="CodePage">1252</VersionInfo>
					</VersionInfo>
					<VersionInfoKeys>
						<VersionInfoKeys Name="CompanyName">Edison Mera</VersionInfoKeys>
						<VersionInfoKeys Name="FileDescription">Generador Automatico de Horarios</VersionInfoKeys>
						<VersionInfoKeys Name="FileVersion">1.2.1.495</VersionInfoKeys>
						<VersionInfoKeys Name="InternalName">TTG</VersionInfoKeys>
						<VersionInfoKeys Name="LegalCopyright">2011 by Edison Mera</VersionInfoKeys>
						<VersionInfoKeys Name="LegalTrademarks"/>
						<VersionInfoKeys Name="OriginalFilename">ttg</VersionInfoKeys>
						<VersionInfoKeys Name="ProductName">TTG</VersionInfoKeys>
						<VersionInfoKeys Name="ProductVersion">1.2.2</VersionInfoKeys>
						<VersionInfoKeys Name="Comments"/>
					</VersionInfoKeys>
					<Source>
						<Source Name="MainSource">ttg.dpr</Source>
					</Source>
					<Excluded_Packages>
						<Excluded_Packages Name="Z:\apps\pascal\TxQuery\Packages\D2010\bin\dclXq_D2010.bpl">File Z:\apps\pascal\TxQuery\Packages\D2010\bin\dclXq_D2010.bpl not found</Excluded_Packages>
					</Excluded_Packages>
				</Delphi.Personality>
			</BorlandProject>
			<ProjectFileVersion>12</ProjectFileVersion>
		</ProjectExtensions>
		<ItemGroup>
			<DelphiCompile Include="ttg.dpr">
				<MainSource>MainSource</MainSource>
			</DelphiCompile>
			<DCCReference Include="FMain.pas">
				<Form>MainForm</Form>
			</DCCReference>
			<DCCReference Include="DMaster.pas">
				<Form>MasterDataModule</Form>
				<DesignClass>TDataModule</DesignClass>
			</DCCReference>
			<DCCReference Include="KerModel.pas"/>
			<DCCReference Include="KerEvolE.pas"/>
			<DCCReference Include="FProgres.pas">
				<Form>ProgressForm</Form>
			</DCCReference>
			<DCCReference Include="SortAlgs.pas"/>
			<DCCReference Include="Rand.pas"/>
			<DCCReference Include="About.pas"/>
			<DCCReference Include="FCrsMMEd.pas">
				<Form>CrossManyToManyEditorForm</Form>
			</DCCReference>
			<DCCReference Include="FCrsMME0.pas">
				<Form>CrossManyToManyEditor0Form</Form>
			</DCCReference>
			<DCCReference Include="FCrsMME1.pas">
				<Form>CrossManyToManyEditor1Form</Form>
			</DCCReference>
			<DCCReference Include="FCrsMMER.pas">
				<Form>CrossManyToManyEditorRForm</Form>
			</DCCReference>
			<DCCReference Include="FEditor.pas">
				<Form>EditorForm</Form>
			</DCCReference>
			<DCCReference Include="FMateria.pas">
				<Form>MateriaForm</Form>
			</DCCReference>
			<DCCReference Include="FProfesr.pas">
				<Form>ProfesorForm</Form>
			</DCCReference>
			<DCCReference Include="TTGUtls.pas"/>
			<DCCReference Include="UConfig.pas"/>
			<DCCReference Include="FConfig.pas">
				<Form>ConfiguracionForm</Form>
			</DCCReference>
			<DCCReference Include="FLogstic.pas">
				<Form>LogisticForm</Form>
			</DCCReference>
			<DCCReference Include="FHorPara.pas">
				<Form>HorarioParaleloForm</Form>
			</DCCReference>
			<DCCReference Include="FMasDeEd.pas">
				<Form>MasterDetailEditorForm</Form>
			</DCCReference>
			<DCCReference Include="FHorAulT.pas">
				<Form>HorarioAulaTipoForm</Form>
			</DCCReference>
			<DCCReference Include="FSplash.pas">
				<Form>SplashForm</Form>
			</DCCReference>
			<DCCReference Include="FParalel.pas">
				<Form>ParaleloForm</Form>
			</DCCReference>
			<DCCReference Include="FSingEdt.pas">
				<Form>SingleEditorForm</Form>
			</DCCReference>
			<DCCReference Include="FHorario.pas">
				<Form>HorarioForm</Form>
			</DCCReference>
			<DCCReference Include="HorColCm.pas"/>
			<DCCReference Include="FHorProf.pas">
				<Form>HorarioProfesorForm</Form>
			</DCCReference>
			<DCCReference Include="DSrcBase.pas">
				<Form>SourceBaseDataModule</Form>
				<DesignClass>TDataModule</DesignClass>
			</DCCReference>
			<DCCReference Include="RelUtils.pas"/>
			<DCCReference Include="DSource.pas">
				<Form>SourceDataModule</Form>
				<DesignClass>TDataModule</DesignClass>
			</DCCReference>
			<DCCReference Include="FSelPeIn.pas">
				<Form>SelPeriodoForm</Form>
			</DCCReference>
			<DCCReference Include="DBase.pas">
				<Form>BaseDataModule</Form>
				<DesignClass>TDataModule</DesignClass>
			</DCCReference>
			<BuildConfiguration Include="Base">
				<Key>Base</Key>
			</BuildConfiguration>
			<BuildConfiguration Include="Debug">
				<Key>Cfg_2</Key>
				<CfgParent>Base</CfgParent>
			</BuildConfiguration>
			<BuildConfiguration Include="Release">
				<Key>Cfg_1</Key>
				<CfgParent>Base</CfgParent>
			</BuildConfiguration>
		</ItemGroup>
		<Import Project="$(BDS)\Bin\CodeGear.Delphi.Targets" Condition="Exists('$(BDS)\Bin\CodeGear.Delphi.Targets')"/>
	</Project>
