<?xml version="1.0"?>
<CONFIG>
  <ProjectOptions>
    <Version Value="9"/>
    <General>
      <Flags>
        <SaveClosedFiles Value="False"/>
        <AlwaysBuild Value="False"/>
      </Flags>
      <SessionStorage Value="None"/>
      <MainUnit Value="0"/>
      <UseXPManifest Value="True"/>
      <Icon Value="0"/>
    </General>
    <i18n>
      <EnableI18N Value="True"/>
      <OutDir Value="locale"/>
    </i18n>
    <VersionInfo>
      <UseVersionInfo Value="True"/>
      <MajorVersionNr Value="1"/>
      <MinorVersionNr Value="2"/>
      <RevisionNr Value="2"/>
      <BuildNr Value="314"/>
      <Language Value="040A"/>
      <CharSet Value="04B0"/>
      <StringTable FileDescription="Horarios para Colegio" LegalCopyright="2011 por Edison Mera" ProductVersion=""/>
    </VersionInfo>
    <BuildModes Count="2">
      <Item1 Name="full" Default="True"/>
      <Item2 Name="free">
        <CompilerOptions>
          <Version Value="9"/>
          <SearchPaths>
            <IncludeFiles Value="$(ProjOutDir)"/>
            <OtherUnitFiles Value="../../../ZEOSDBO-7.0.0-alpha/src/core;../../../ZEOSDBO-7.0.0-alpha/src/dbc;../../../ZEOSDBO-7.0.0-alpha/src/parsesql;../../../ZEOSDBO-7.0.0-alpha/src/plain;../../../ZEOSDBO-7.0.0-alpha/src/component;../../../multithreadprocs"/>
            <UnitOutputDirectory Value="../../bin/$(TargetCPU)-$(TargetOS)-free"/>
          </SearchPaths>
          <Conditionals Value="if undefined(DistType) then
  DistType := 'free';"/>
          <BuildMacros>
            <Count Value="1"/>
            <Item1>
              <Identifier Value="DistType"/>
            </Item1>
          </BuildMacros>
          <Parsing>
            <SyntaxOptions>
              <UseAnsiStrings Value="False"/>
            </SyntaxOptions>
          </Parsing>
          <CodeGeneration>
            <SmartLinkUnit Value="True"/>
            <Checks>
              <RangeChecks Value="True"/>
            </Checks>
            <Optimizations>
              <VariablesInRegisters Value="True"/>
            </Optimizations>
          </CodeGeneration>
          <Linking>
            <Debugging>
              <GenerateDwarf Value="True"/>
            </Debugging>
            <Options>
              <Win32>
                <GraphicApplication Value="True"/>
              </Win32>
            </Options>
          </Linking>
          <Other>
            <CompilerMessages>
              <UseMsgFile Value="True"/>
            </CompilerMessages>
            <CustomOptions Value="-dFREEWARE
-dZEOS_DISABLE_MYSQL
-dZEOS_DISABLE_POSTGRESQL
-dZEOS_DISABLE_DBLIB
-dZEOS_DISABLE_ADO
-dZEOS_DISABLE_INTERBASE
-dZEOS_DISABLE_ORACLE
-dZEOS_DISABLE_ASA"/>
            <CompilerPath Value="$(CompPath)"/>
            <ExecuteAfter>
              <ShowAllMessages Value="True"/>
            </ExecuteAfter>
          </Other>
        </CompilerOptions>
      </Item2>
    </BuildModes>
    <PublishOptions>
      <Version Value="2"/>
      <IgnoreBinaries Value="False"/>
      <IncludeFileFilter Value="*.(pas|pp|inc|lfm|lpr|lrs|lpi|lpk|sh|xml)"/>
      <ExcludeFileFilter Value="*.(bak|ppu|ppw|o|so);*~;backup"/>
    </PublishOptions>
    <RunParams>
      <local>
        <FormatVersion Value="1"/>
        <LaunchingApplication PathPlusParams="/usr/X11R6/bin/xterm -T 'Lazarus Run Output' -e $(LazarusDir)/tools/runwait.sh $(TargetCmdLine)"/>
      </local>
    </RunParams>
    <RequiredPackages Count="3">
      <Item1>
        <PackageName Value="MultiThreadProcsLaz"/>
      </Item1>
      <Item2>
        <PackageName Value="FCL"/>
        <MinVersion Major="1" Valid="True"/>
      </Item2>
      <Item3>
        <PackageName Value="LCL"/>
      </Item3>
    </RequiredPackages>
    <Units Count="39">
      <Unit0>
        <Filename Value="ttg.lpr"/>
        <IsPartOfProject Value="True"/>
        <UnitName Value="ttg"/>
      </Unit0>
      <Unit1>
        <Filename Value="fmain.pp"/>
        <IsPartOfProject Value="True"/>
        <ComponentName Value="MainForm"/>
        <HasResources Value="True"/>
        <ResourceBaseClass Value="Form"/>
        <UnitName Value="FMain"/>
      </Unit1>
      <Unit2>
        <Filename Value="dmaster.pp"/>
        <IsPartOfProject Value="True"/>
        <ComponentName Value="MasterDataModule"/>
        <HasResources Value="True"/>
        <ResourceBaseClass Value="DataModule"/>
        <UnitName Value="DMaster"/>
      </Unit2>
      <Unit3>
        <Filename Value="uttmodel.pp"/>
        <IsPartOfProject Value="True"/>
        <UnitName Value="UTTModel"/>
      </Unit3>
      <Unit4>
        <Filename Value="uevolelitist.pp"/>
        <IsPartOfProject Value="True"/>
        <UnitName Value="UEvolElitist"/>
      </Unit4>
      <Unit5>
        <Filename Value="fprogress.pp"/>
        <IsPartOfProject Value="True"/>
        <ComponentName Value="ProgressForm"/>
        <HasResources Value="True"/>
        <ResourceBaseClass Value="Form"/>
        <UnitName Value="FProgress"/>
      </Unit5>
      <Unit6>
        <Filename Value="usortalgs.pp"/>
        <IsPartOfProject Value="True"/>
        <UnitName Value="USortAlgs"/>
      </Unit6>
      <Unit7>
        <Filename Value="fcrossmanytomanyeditor.pp"/>
        <IsPartOfProject Value="True"/>
        <ComponentName Value="CrossManyToManyEditorForm"/>
        <HasResources Value="True"/>
        <ResourceBaseClass Value="Form"/>
        <UnitName Value="FCrossManyToManyEditor"/>
      </Unit7>
      <Unit8>
        <Filename Value="fcrossmanytomanyeditor0.pp"/>
        <IsPartOfProject Value="True"/>
        <ComponentName Value="CrossManyToManyEditor0Form"/>
        <HasResources Value="True"/>
        <ResourceBaseClass Value="Form"/>
        <UnitName Value="FCrossManyToManyEditor0"/>
      </Unit8>
      <Unit9>
        <Filename Value="fcrossmanytomanyeditor1.pp"/>
        <IsPartOfProject Value="True"/>
        <ComponentName Value="CrossManyToManyEditor1Form"/>
        <HasResources Value="True"/>
        <ResourceBaseClass Value="Form"/>
        <UnitName Value="FCrossManyToManyEditor1"/>
      </Unit9>
      <Unit10>
        <Filename Value="fcrossmanytomanyeditorr.pp"/>
        <IsPartOfProject Value="True"/>
        <ComponentName Value="CrossManyToManyEditorRForm"/>
        <HasResources Value="True"/>
        <ResourceBaseClass Value="Form"/>
        <UnitName Value="FCrossManytoManyEditorR"/>
      </Unit10>
      <Unit11>
        <Filename Value="feditor.pp"/>
        <IsPartOfProject Value="True"/>
        <ComponentName Value="EditorForm"/>
        <HasResources Value="True"/>
        <ResourceBaseClass Value="Form"/>
        <UnitName Value="FEditor"/>
      </Unit11>
      <Unit12>
        <Filename Value="fsubject.pp"/>
        <IsPartOfProject Value="True"/>
        <ComponentName Value="SubjectForm"/>
        <HasResources Value="True"/>
        <ResourceBaseClass Value="Form"/>
        <UnitName Value="FSubject"/>
      </Unit12>
      <Unit13>
        <Filename Value="fteacher.pp"/>
        <IsPartOfProject Value="True"/>
        <ComponentName Value="TeacherForm"/>
        <HasResources Value="True"/>
        <ResourceBaseClass Value="Form"/>
        <UnitName Value="FTeacher"/>
      </Unit13>
      <Unit14>
        <Filename Value="uttgdbutils.pp"/>
        <IsPartOfProject Value="True"/>
        <UnitName Value="UTTGDBUtils"/>
      </Unit14>
      <Unit15>
        <Filename Value="uconfigstorage.pp"/>
        <IsPartOfProject Value="True"/>
        <UnitName Value="UConfigStorage"/>
      </Unit15>
      <Unit16>
        <Filename Value="fconfiguracion.pp"/>
        <IsPartOfProject Value="True"/>
        <ComponentName Value="ConfiguracionForm"/>
        <HasResources Value="True"/>
        <ResourceBaseClass Value="Form"/>
        <UnitName Value="FConfiguracion"/>
      </Unit16>
      <Unit17>
        <Filename Value="ftimetableclass.pp"/>
        <IsPartOfProject Value="True"/>
        <ComponentName Value="TimeTableClassForm"/>
        <HasResources Value="True"/>
        <ResourceBaseClass Value="Form"/>
        <UnitName Value="FTimeTableClass"/>
      </Unit17>
      <Unit18>
        <Filename Value="fmasterdetaileditor.pp"/>
        <IsPartOfProject Value="True"/>
        <ComponentName Value="MasterDetailEditorForm"/>
        <HasResources Value="True"/>
        <ResourceBaseClass Value="Form"/>
        <UnitName Value="FMasterDetailEditor"/>
      </Unit18>
      <Unit19>
        <Filename Value="ftimetableroomtype.pp"/>
        <IsPartOfProject Value="True"/>
        <ComponentName Value="TimeTableRoomTypeForm"/>
        <HasResources Value="True"/>
        <ResourceBaseClass Value="Form"/>
        <UnitName Value="FTimeTableRoomType"/>
      </Unit19>
      <Unit20>
        <Filename Value="fsplash.pp"/>
        <IsPartOfProject Value="True"/>
        <ComponentName Value="SplashForm"/>
        <HasResources Value="True"/>
        <ResourceBaseClass Value="Form"/>
        <UnitName Value="FSplash"/>
      </Unit20>
      <Unit21>
        <Filename Value="fclass.pp"/>
        <IsPartOfProject Value="True"/>
        <ComponentName Value="ClassForm"/>
        <HasResources Value="True"/>
        <ResourceBaseClass Value="Form"/>
        <UnitName Value="FClass"/>
      </Unit21>
      <Unit22>
        <Filename Value="fsingleeditor.pp"/>
        <IsPartOfProject Value="True"/>
        <ComponentName Value="SingleEditorForm"/>
        <HasResources Value="True"/>
        <ResourceBaseClass Value="Form"/>
        <UnitName Value="FSingleEditor"/>
      </Unit22>
      <Unit23>
        <Filename Value="ftimetable.pp"/>
        <IsPartOfProject Value="True"/>
        <ComponentName Value="TimeTableForm"/>
        <HasResources Value="True"/>
        <ResourceBaseClass Value="Form"/>
        <UnitName Value="FTimeTable"/>
      </Unit23>
      <Unit24>
        <Filename Value="ftimetableteacher.pp"/>
        <IsPartOfProject Value="True"/>
        <ComponentName Value="TimeTableTeacherForm"/>
        <HasResources Value="True"/>
        <ResourceBaseClass Value="Form"/>
        <UnitName Value="FTimeTableTeacher"/>
      </Unit24>
      <Unit25>
        <Filename Value="dsourcebase.pp"/>
        <IsPartOfProject Value="True"/>
        <ComponentName Value="SourceBaseDataModule"/>
        <HasResources Value="True"/>
        <ResourceBaseClass Value="DataModule"/>
        <UnitName Value="dsourcebase"/>
      </Unit25>
      <Unit26>
        <Filename Value="urelutils.pp"/>
        <IsPartOfProject Value="True"/>
        <UnitName Value="URelUtils"/>
      </Unit26>
      <Unit27>
        <Filename Value="dsource.pp"/>
        <IsPartOfProject Value="True"/>
        <ComponentName Value="SourceDataModule"/>
        <HasResources Value="True"/>
        <ResourceBaseClass Value="DataModule"/>
        <UnitName Value="DSource"/>
      </Unit27>
      <Unit28>
        <Filename Value="fseltimeslot.pp"/>
        <IsPartOfProject Value="True"/>
        <ComponentName Value="SelTimeSlotForm"/>
        <HasResources Value="True"/>
        <ResourceBaseClass Value="Form"/>
        <UnitName Value="FSelTimeSlot"/>
      </Unit28>
      <Unit29>
        <Filename Value="dbase.pp"/>
        <IsPartOfProject Value="True"/>
        <ComponentName Value="BaseDataModule"/>
        <HasResources Value="True"/>
        <ResourceBaseClass Value="DataModule"/>
        <UnitName Value="DBase"/>
      </Unit29>
      <Unit30>
        <Filename Value="uttgconfig.pp"/>
        <IsPartOfProject Value="True"/>
        <UnitName Value="UTTGConfig"/>
      </Unit30>
      <Unit31>
        <Filename Value="umodel.pp"/>
        <IsPartOfProject Value="True"/>
        <UnitName Value="UModel"/>
      </Unit31>
      <Unit32>
        <Filename Value="umakett.pp"/>
        <IsPartOfProject Value="True"/>
        <UnitName Value="UMakeTT"/>
      </Unit32>
      <Unit33>
        <Filename Value="udownhill.pp"/>
        <IsPartOfProject Value="True"/>
        <UnitName Value="UDownHill"/>
      </Unit33>
      <Unit34>
        <Filename Value="usolver.pp"/>
        <IsPartOfProject Value="True"/>
        <UnitName Value="USolver"/>
      </Unit34>
      <Unit35>
        <Filename Value="uttgbasics.pp"/>
        <IsPartOfProject Value="True"/>
        <UnitName Value="UTTGBasics"/>
      </Unit35>
      <Unit36>
        <Filename Value="uabout.pp"/>
        <IsPartOfProject Value="True"/>
        <UnitName Value="UAbout"/>
      </Unit36>
      <Unit37>
        <Filename Value="fmessageview.pp"/>
        <IsPartOfProject Value="True"/>
        <ComponentName Value="MessageViewForm"/>
        <HasResources Value="True"/>
        <ResourceBaseClass Value="Form"/>
        <UnitName Value="FMessageView"/>
      </Unit37>
      <Unit38>
        <Filename Value="uttgsql.pp"/>
        <IsPartOfProject Value="True"/>
        <UnitName Value="UTTGSQL"/>
      </Unit38>
    </Units>
  </ProjectOptions>
  <CompilerOptions>
    <Version Value="9"/>
    <SearchPaths>
      <IncludeFiles Value="$(ProjOutDir)"/>
      <OtherUnitFiles Value="../../../ZEOSDBO-7.0.0-alpha/src/core;../../../ZEOSDBO-7.0.0-alpha/src/dbc;../../../ZEOSDBO-7.0.0-alpha/src/parsesql;../../../ZEOSDBO-7.0.0-alpha/src/plain;../../../ZEOSDBO-7.0.0-alpha/src/component;../../../multithreadprocs"/>
      <UnitOutputDirectory Value="../../bin/$(TargetCPU)-$(TargetOS)-full"/>
    </SearchPaths>
    <Parsing>
      <SyntaxOptions>
        <UseAnsiStrings Value="False"/>
      </SyntaxOptions>
    </Parsing>
    <CodeGeneration>
      <SmartLinkUnit Value="True"/>
      <Optimizations>
        <VariablesInRegisters Value="True"/>
      </Optimizations>
    </CodeGeneration>
    <Linking>
      <Debugging>
        <GenerateDwarf Value="True"/>
      </Debugging>
      <Options>
        <Win32>
          <GraphicApplication Value="True"/>
        </Win32>
      </Options>
    </Linking>
    <Other>
      <CompilerMessages>
        <UseMsgFile Value="True"/>
      </CompilerMessages>
      <CustomOptions Value="-dZEOS_DISABLE_MYSQL
-dZEOS_DISABLE_POSTGRESQL
-dZEOS_DISABLE_DBLIB
-dZEOS_DISABLE_ADO
-dZEOS_DISABLE_INTERBASE
-dZEOS_DISABLE_ORACLE
-dZEOS_DISABLE_ASA"/>
      <CompilerPath Value="$(CompPath)"/>
      <ExecuteAfter>
        <ShowAllMessages Value="True"/>
      </ExecuteAfter>
    </Other>
  </CompilerOptions>
</CONFIG>
