<?xml version="1.0"?>
<CONFIG>
  <ProjectOptions>
    <Version Value="9"/>
    <General>
      <Flags>
        <SaveClosedFiles Value="False"/>
      </Flags>
      <SessionStorage Value="None"/>
      <MainUnit Value="0"/>
      <UseXPManifest Value="True"/>
      <Icon Value="0"/>
    </General>
    <i18n>
      <EnableI18N Value="True"/>
      <OutDir Value="locale"/>
    </i18n>
    <VersionInfo>
      <UseVersionInfo Value="True"/>
      <MajorVersionNr Value="1"/>
      <MinorVersionNr Value="2"/>
      <RevisionNr Value="2"/>
      <BuildNr Value="314"/>
      <Language Value="040A"/>
      <CharSet Value="04B0"/>
      <StringTable LegalCopyright="2011 por Edison Mera" ProductVersion="" FileDescription="Horarios para Colegio"/>
    </VersionInfo>
    <BuildModes Count="2">
      <Item1 Name="full" Default="True"/>
      <Item2 Name="free">
        <CompilerOptions>
          <Version Value="11"/>
          <SearchPaths>
            <IncludeFiles Value="$(ProjOutDir)"/>
            <OtherUnitFiles Value="../../../zeosdbo/packages/lazarus;../../../zeosdbo/src/core;../../../zeosdbo/src/dbc;../../../zeosdbo/src/parsesql;../../../zeosdbo/src/plain;../../../zeosdbo/src/component;../../../multithreadprocs;../../../DBConvert/auxiliary"/>
            <UnitOutputDirectory Value="../../bin/$(TargetCPU)-$(TargetOS)-free"/>
          </SearchPaths>
          <Conditionals Value="if undefined(DistType) then
  DistType := 'free';"/>
          <BuildMacros>
            <Count Value="1"/>
            <Item1>
              <Identifier Value="DistType"/>
            </Item1>
          </BuildMacros>
          <Parsing>
            <SyntaxOptions>
              <UseAnsiStrings Value="False"/>
            </SyntaxOptions>
          </Parsing>
          <CodeGeneration>
            <SmartLinkUnit Value="True"/>
            <Checks>
              <RangeChecks Value="True"/>
            </Checks>
            <Optimizations>
              <VariablesInRegisters Value="True"/>
            </Optimizations>
          </CodeGeneration>
          <Linking>
            <Options>
              <Win32>
                <Graphic.paslication Value="True"/>
              </Win32>
            </Options>
          </Linking>
          <Other>
            <CompilerMessages>
              <UseMsgFile Value="True"/>
            </CompilerMessages>
            <CustomOptions Value="-dFREEWARE
-dZEOS_DISABLE_MYSQL
-dZEOS_DISABLE_POSTGRESQL
-dZEOS_DISABLE_DBLIB
-dZEOS_DISABLE_ADO
-dZEOS_DISABLE_INTERBASE
-dZEOS_DISABLE_ORACLE
-dZEOS_DISABLE_ASA"/>
            <CompilerPath Value="$(CompPath)"/>
            <ExecuteAfter>
              <ShowAllMessages Value="True"/>
            </ExecuteAfter>
          </Other>
        </CompilerOptions>
      </Item2>
    </BuildModes>
    <PublishOptions>
      <Version Value="2"/>
      <IgnoreBinaries Value="False"/>
      <IncludeFileFilter Value="*.(pas.pas|inc|lfm|lpr|lrs|lpi|lpk|sh|xml)"/>
      <ExcludeFileFilter Value="*.(bak.pasu.pasw|o|so);*~;backup"/>
    </PublishOptions>
    <RunParams>
      <local>
        <FormatVersion Value="1"/>
        <Launching.paslication PathPlusParams="/usr/X11R6/bin/xterm -T 'Lazarus Run Output' -e $(LazarusDir)/tools/runwait.sh $(TargetCmdLine)"/>
      </local>
    </RunParams>
    <RequiredPackages Count="4">
      <Item1>
        <PackageName Value="zcomponent"/>
      </Item1>
      <Item2>
        <PackageName Value="MultiThreadProcsLaz"/>
      </Item2>
      <Item3>
        <PackageName Value="FCL"/>
        <MinVersion Major="1" Valid="True"/>
      </Item3>
      <Item4>
        <PackageName Value="LCL"/>
      </Item4>
    </RequiredPackages>
    <Units Count="41">
      <Unit0>
        <Filename Value="ttg.lpr"/>
        <IsPartOfProject Value="True"/>
        <UnitName Value="ttg"/>
      </Unit0>
      <Unit1>
        <Filename Value="FMain.pas"/>
        <IsPartOfProject Value="True"/>
        <ComponentName Value="MainForm"/>
        <HasResources Value="True"/>
        <ResourceBaseClass Value="Form"/>
        <UnitName Value="FMain"/>
      </Unit1>
      <Unit2>
        <Filename Value="dmaster.pas"/>
        <IsPartOfProject Value="True"/>
        <ComponentName Value="MasterDataModule"/>
        <HasResources Value="True"/>
        <ResourceBaseClass Value="DataModule"/>
        <UnitName Value="DMaster"/>
      </Unit2>
      <Unit3>
        <Filename Value="uttmodel.pas"/>
        <IsPartOfProject Value="True"/>
        <UnitName Value="UTTModel"/>
      </Unit3>
      <Unit4>
        <Filename Value="uevolelitist.pas"/>
        <IsPartOfProject Value="True"/>
        <UnitName Value="UEvolElitist"/>
      </Unit4>
      <Unit5>
        <Filename Value="FProgress.pas"/>
        <IsPartOfProject Value="True"/>
        <ComponentName Value="ProgressForm"/>
        <HasResources Value="True"/>
        <ResourceBaseClass Value="Form"/>
        <UnitName Value="FProgress"/>
      </Unit5>
      <Unit6>
        <Filename Value="usortalgs.pas"/>
        <IsPartOfProject Value="True"/>
        <UnitName Value="USortAlgs"/>
      </Unit6>
      <Unit7>
        <Filename Value="FCrossManyToManyEditor.pas"/>
        <IsPartOfProject Value="True"/>
        <ComponentName Value="CrossManyToManyEditorForm"/>
        <HasResources Value="True"/>
        <ResourceBaseClass Value="Form"/>
        <UnitName Value="FCrossManyToManyEditor"/>
      </Unit7>
      <Unit8>
        <Filename Value="FCrossManyToManyEditor0.pas"/>
        <IsPartOfProject Value="True"/>
        <ComponentName Value="CrossManyToManyEditor0Form"/>
        <HasResources Value="True"/>
        <ResourceBaseClass Value="Form"/>
        <UnitName Value="FCrossManyToManyEditor0"/>
      </Unit8>
      <Unit9>
        <Filename Value="FCrossManyToManyEditor1.pas"/>
        <IsPartOfProject Value="True"/>
        <ComponentName Value="CrossManyToManyEditor1Form"/>
        <HasResources Value="True"/>
        <ResourceBaseClass Value="Form"/>
        <UnitName Value="FCrossManyToManyEditor1"/>
      </Unit9>
      <Unit10>
        <Filename Value="FCrossManytoManyEditorR.pas"/>
        <IsPartOfProject Value="True"/>
        <ComponentName Value="CrossManyToManyEditorRForm"/>
        <HasResources Value="True"/>
        <ResourceBaseClass Value="Form"/>
        <UnitName Value="FCrossManytoManyEditorR"/>
      </Unit10>
      <Unit11>
        <Filename Value="FEditor.pas"/>
        <IsPartOfProject Value="True"/>
        <ComponentName Value="EditorForm"/>
        <HasResources Value="True"/>
        <ResourceBaseClass Value="Form"/>
        <UnitName Value="FEditor"/>
      </Unit11>
      <Unit12>
        <Filename Value="FTheme.pas"/>
        <IsPartOfProject Value="True"/>
        <ComponentName Value="ThemeForm"/>
        <HasResources Value="True"/>
        <ResourceBaseClass Value="Form"/>
        <UnitName Value="FTheme"/>
      </Unit12>
      <Unit13>
        <Filename Value="FResource.pas"/>
        <IsPartOfProject Value="True"/>
        <ComponentName Value="ResourceForm"/>
        <HasResources Value="True"/>
        <ResourceBaseClass Value="Form"/>
        <UnitName Value="FResource"/>
      </Unit13>
      <Unit14>
        <Filename Value="uttgdbutils.pas"/>
        <IsPartOfProject Value="True"/>
        <UnitName Value="UTTGDBUtils"/>
      </Unit14>
      <Unit15>
        <Filename Value="uconfigstorage.pas"/>
        <IsPartOfProject Value="True"/>
        <UnitName Value="UConfigStorage"/>
      </Unit15>
      <Unit16>
        <Filename Value="FConfig.pas"/>
        <IsPartOfProject Value="True"/>
        <ComponentName Value="ConfigForm"/>
        <HasResources Value="True"/>
        <ResourceBaseClass Value="Form"/>
        <UnitName Value="FConfig"/>
      </Unit16>
      <Unit17>
        <Filename Value="FTimetableCluster.pas"/>
        <IsPartOfProject Value="True"/>
        <ComponentName Value="TimetableClusterForm"/>
        <HasResources Value="True"/>
        <ResourceBaseClass Value="Form"/>
        <UnitName Value="FTimetableCluster"/>
      </Unit17>
      <Unit18>
        <Filename Value="FMasterDetailEditor.pas"/>
        <IsPartOfProject Value="True"/>
        <ComponentName Value="MasterDetailEditorForm"/>
        <HasResources Value="True"/>
        <ResourceBaseClass Value="Form"/>
        <UnitName Value="FMasterDetailEditor"/>
      </Unit18>
      <Unit19>
        <Filename Value="FSplash.pas"/>
        <IsPartOfProject Value="True"/>
        <ComponentName Value="SplashForm"/>
        <HasResources Value="True"/>
        <ResourceBaseClass Value="Form"/>
        <UnitName Value="FSplash"/>
      </Unit19>
      <Unit20>
        <Filename Value="FCluster.pas"/>
        <IsPartOfProject Value="True"/>
        <ComponentName Value="ClusterForm"/>
        <HasResources Value="True"/>
        <ResourceBaseClass Value="Form"/>
        <UnitName Value="FCluster"/>
      </Unit20>
      <Unit21>
        <Filename Value="FSingleEditor.pas"/>
        <IsPartOfProject Value="True"/>
        <ComponentName Value="SingleEditorForm"/>
        <HasResources Value="True"/>
        <ResourceBaseClass Value="Form"/>
        <UnitName Value="FSingleEditor"/>
      </Unit21>
      <Unit22>
        <Filename Value="FTimetable.pas"/>
        <IsPartOfProject Value="True"/>
        <ComponentName Value="TimetableForm"/>
        <HasResources Value="True"/>
        <ResourceBaseClass Value="Form"/>
        <UnitName Value="FTimetable"/>
      </Unit22>
      <Unit23>
        <Filename Value="FTimetableResource.pas"/>
        <IsPartOfProject Value="True"/>
        <ComponentName Value="TimetableResourceForm"/>
        <HasResources Value="True"/>
        <ResourceBaseClass Value="Form"/>
        <UnitName Value="FTimetableResource"/>
      </Unit23>
      <Unit24>
        <Filename Value="dsourcebase.pas"/>
        <IsPartOfProject Value="True"/>
        <ComponentName Value="SourceBaseDataModule"/>
        <HasResources Value="True"/>
        <ResourceBaseClass Value="DataModule"/>
        <UnitName Value="dsourcebase"/>
      </Unit24>
      <Unit25>
        <Filename Value="../../../DBConvert/auxiliary/URelUtils.pas"/>
        <IsPartOfProject Value="True"/>
        <UnitName Value="URelUtils"/>
      </Unit25>
      <Unit26>
        <Filename Value="dsource.pas"/>
        <IsPartOfProject Value="True"/>
        <ComponentName Value="SourceDataModule"/>
        <HasResources Value="True"/>
        <ResourceBaseClass Value="DataModule"/>
        <UnitName Value="DSource"/>
      </Unit26>
      <Unit27>
        <Filename Value="FSelPeriod.pas"/>
        <IsPartOfProject Value="True"/>
        <ComponentName Value="SelPeriodForm"/>
        <HasResources Value="True"/>
        <ResourceBaseClass Value="Form"/>
        <UnitName Value="FSelPeriod"/>
      </Unit27>
      <Unit28>
        <Filename Value="../../../DBConvert/auxiliary/DBase.pas"/>
        <IsPartOfProject Value="True"/>
        <ComponentName Value="BaseDataModule"/>
        <HasResources Value="True"/>
        <ResourceBaseClass Value="DataModule"/>
        <UnitName Value="DBase"/>
      </Unit28>
      <Unit29>
        <Filename Value="uttgconfig.pas"/>
        <IsPartOfProject Value="True"/>
        <UnitName Value="UTTGConfig"/>
      </Unit29>
      <Unit30>
        <Filename Value="umodel.pas"/>
        <IsPartOfProject Value="True"/>
        <UnitName Value="UModel"/>
      </Unit30>
      <Unit31>
        <Filename Value="umakett.pas"/>
        <IsPartOfProject Value="True"/>
        <UnitName Value="UMakeTT"/>
      </Unit31>
      <Unit32>
        <Filename Value="udownhill.pas"/>
        <IsPartOfProject Value="True"/>
        <UnitName Value="UDownHill"/>
      </Unit32>
      <Unit33>
        <Filename Value="usolver.pas"/>
        <IsPartOfProject Value="True"/>
        <UnitName Value="USolver"/>
      </Unit33>
      <Unit34>
        <Filename Value="uttgbasics.pas"/>
        <IsPartOfProject Value="True"/>
        <UnitName Value="UTTGBasics"/>
      </Unit34>
      <Unit35>
        <Filename Value="UAbout.pas"/>
        <IsPartOfProject Value="True"/>
        <UnitName Value="UAbout"/>
      </Unit35>
      <Unit36>
        <Filename Value="FMessageView.pas"/>
        <IsPartOfProject Value="True"/>
        <ComponentName Value="MessageViewForm"/>
        <HasResources Value="True"/>
        <ResourceBaseClass Value="Form"/>
        <UnitName Value="FMessageView"/>
      </Unit36>
      <Unit37>
        <Filename Value="uttgi18n.pas"/>
        <IsPartOfProject Value="True"/>
        <UnitName Value="UTTGi18n"/>
      </Unit37>
      <Unit38>
        <Filename Value="uttgconsts.pas"/>
        <IsPartOfProject Value="True"/>
        <UnitName Value="UTTGConsts"/>
      </Unit38>
      <Unit39>
        <Filename Value="dsourcebaseconsts.pas"/>
        <IsPartOfProject Value="True"/>
        <UnitName Value="dsourcebaseconsts"/>
      </Unit39>
      <Unit40>
        <Filename Value="FDBExplorer.pas"/>
        <IsPartOfProject Value="True"/>
        <ComponentName Value="DBExplorerForm"/>
        <ResourceBaseClass Value="Form"/>
        <UnitName Value="FDBExplorer"/>
      </Unit40>
    </Units>
  </ProjectOptions>
  <CompilerOptions>
    <Version Value="11"/>
    <SearchPaths>
      <IncludeFiles Value="$(ProjOutDir)"/>
      <OtherUnitFiles Value="../../../zeosdbo/packages/lazarus;../../../zeosdbo/src/core;../../../zeosdbo/src/dbc;../../../zeosdbo/src/parsesql;../../../zeosdbo/src/plain;../../../zeosdbo/src/component;../../../multithreadprocs;../../../DBConvert/auxiliary"/>
      <UnitOutputDirectory Value="../../bin/$(TargetCPU)-$(TargetOS)-full"/>
      <SrcPath Value="../../../GLScene/Source"/>
    </SearchPaths>
    <CodeGeneration>
      <SmartLinkUnit Value="True"/>
      <SmallerCode Value="True"/>
    </CodeGeneration>
    <Linking>
      <Debugging>
        <GenerateDebugInfo Value="False"/>
      </Debugging>
      <LinkSmart Value="True"/>
      <Options>
        <Win32>
          <Graphic.paslication Value="True"/>
        </Win32>
      </Options>
    </Linking>
    <Other>
      <CompilerMessages>
        <UseMsgFile Value="True"/>
      </CompilerMessages>
      <CustomOptions Value="-dZEOS_DISABLE_MYSQL
-dZEOS_DISABLE_POSTGRESQL
-dZEOS_DISABLE_DBLIB
-dZEOS_DISABLE_ADO
-dZEOS_DISABLE_INTERBASE
-dZEOS_DISABLE_ORACLE
-dZEOS_DISABLE_ASA
-Xs- -FW../../bin/$(TargetCPU)-$(TargetOS)-full/ttg.wpo -OWall"/>
      <CompilerPath Value="$(CompPath)"/>
    </Other>
  </CompilerOptions>
</CONFIG>
