<?xml version="1.0"?>
<CONFIG>
  <ProjectOptions>
    <Version Value="7"/>
    <General>
      <MainUnit Value="0"/>
      <TargetFileExt Value=".exe"/>
      <UseXPManifest Value="True"/>
      <ActiveEditorIndexAtStart Value="4"/>
    </General>
    <VersionInfo>
      <Language Value=""/>
      <CharSet Value=""/>
    </VersionInfo>
    <PublishOptions>
      <Version Value="2"/>
      <IgnoreBinaries Value="False"/>
      <IncludeFileFilter Value="*.(pas|pp|inc|lfm|lpr|lrs|lpi|lpk|sh|xml)"/>
      <ExcludeFileFilter Value="*.(bak|ppu|ppw|o|so);*~;backup"/>
    </PublishOptions>
    <RunParams>
      <local>
        <FormatVersion Value="1"/>
        <LaunchingApplication PathPlusParams="/usr/X11R6/bin/xterm -T 'Lazarus Run Output' -e $(LazarusDir)/tools/runwait.sh $(TargetCmdLine)"/>
        <WorkingDirectory Value="E:/apps/pascal/TTG/bin"/>
      </local>
    </RunParams>
    <RequiredPackages Count="1">
      <Item1>
        <PackageName Value="LCL"/>
      </Item1>
    </RequiredPackages>
    <Units Count="54">
      <Unit0>
        <Filename Value="TTG.lpr"/>
        <IsPartOfProject Value="True"/>
        <CursorPos X="5" Y="70"/>
        <TopLine Value="48"/>
        <EditorIndex Value="0"/>
        <UsageCount Value="33"/>
        <Loaded Value="True"/>
      </Unit0>
      <Unit1>
        <Filename Value="FMain.pp"/>
        <IsPartOfProject Value="True"/>
        <ComponentName Value="MainForm"/>
        <HasResources Value="True"/>
        <ResourceBaseClass Value="Form"/>
        <UnitName Value="FMain"/>
        <CursorPos X="40" Y="318"/>
        <TopLine Value="316"/>
        <EditorIndex Value="8"/>
        <UsageCount Value="33"/>
        <Loaded Value="True"/>
      </Unit1>
      <Unit2>
        <Filename Value="DMaster.pp"/>
        <IsPartOfProject Value="True"/>
        <HasResources Value="True"/>
        <UsageCount Value="33"/>
      </Unit2>
      <Unit3>
        <Filename Value="KerModel.pp"/>
        <IsPartOfProject Value="True"/>
        <UnitName Value="KerModel"/>
        <CursorPos X="24" Y="1351"/>
        <TopLine Value="1343"/>
        <UsageCount Value="33"/>
      </Unit3>
      <Unit4>
        <Filename Value="KerEvolE.pp"/>
        <IsPartOfProject Value="True"/>
        <UnitName Value="KerEvolE"/>
        <CursorPos X="1" Y="1"/>
        <TopLine Value="1"/>
        <UsageCount Value="33"/>
      </Unit4>
      <Unit5>
        <Filename Value="FProgres.pp"/>
        <IsPartOfProject Value="True"/>
        <ComponentName Value="ProgressForm"/>
        <HasResources Value="True"/>
        <ResourceBaseClass Value="Form"/>
        <UnitName Value="FProgres"/>
        <CursorPos X="1" Y="1"/>
        <TopLine Value="1"/>
        <UsageCount Value="33"/>
      </Unit5>
      <Unit6>
        <Filename Value="SortAlgs.pp"/>
        <IsPartOfProject Value="True"/>
        <UsageCount Value="33"/>
      </Unit6>
      <Unit7>
        <Filename Value="Rand.pp"/>
        <IsPartOfProject Value="True"/>
        <UsageCount Value="33"/>
      </Unit7>
      <Unit8>
        <Filename Value="About.pp"/>
        <IsPartOfProject Value="True"/>
        <UsageCount Value="33"/>
      </Unit8>
      <Unit9>
        <Filename Value="FCrsMMEd.pp"/>
        <IsPartOfProject Value="True"/>
        <ComponentName Value="CrossManyToManyEditorForm"/>
        <HasResources Value="True"/>
        <ResourceBaseClass Value="Form"/>
        <UnitName Value="FCrsMMEd"/>
        <CursorPos X="3" Y="419"/>
        <TopLine Value="416"/>
        <EditorIndex Value="10"/>
        <UsageCount Value="33"/>
        <Loaded Value="True"/>
      </Unit9>
      <Unit10>
        <Filename Value="FCrsMME0.pp"/>
        <IsPartOfProject Value="True"/>
        <ComponentName Value="CrossManyToManyEditor0Form"/>
        <HasResources Value="True"/>
        <ResourceBaseClass Value="Form"/>
        <UnitName Value="FCrsMME0"/>
        <CursorPos X="63" Y="175"/>
        <TopLine Value="170"/>
        <EditorIndex Value="9"/>
        <UsageCount Value="33"/>
        <Loaded Value="True"/>
      </Unit10>
      <Unit11>
        <Filename Value="FCrsMME1.pp"/>
        <IsPartOfProject Value="True"/>
        <ComponentName Value="CrossManyToManyEditor1Form"/>
        <HasResources Value="True"/>
        <ResourceBaseClass Value="Form"/>
        <UsageCount Value="33"/>
      </Unit11>
      <Unit12>
        <Filename Value="FCrsMMER.pp"/>
        <IsPartOfProject Value="True"/>
        <ComponentName Value="CrossManyToManyEditorRForm"/>
        <HasResources Value="True"/>
        <ResourceBaseClass Value="Form"/>
        <UnitName Value="FCrsMMER"/>
        <CursorPos X="3" Y="109"/>
        <TopLine Value="106"/>
        <EditorIndex Value="4"/>
        <UsageCount Value="33"/>
        <Loaded Value="True"/>
      </Unit12>
      <Unit13>
        <Filename Value="FEditor.pp"/>
        <IsPartOfProject Value="True"/>
        <ComponentName Value="EditorForm"/>
        <HasResources Value="True"/>
        <ResourceBaseClass Value="Form"/>
        <UnitName Value="FEditor"/>
        <CursorPos X="1" Y="77"/>
        <TopLine Value="68"/>
        <EditorIndex Value="12"/>
        <UsageCount Value="33"/>
        <Loaded Value="True"/>
      </Unit13>
      <Unit14>
        <Filename Value="FMateria.pp"/>
        <IsPartOfProject Value="True"/>
        <HasResources Value="True"/>
        <UsageCount Value="33"/>
      </Unit14>
      <Unit15>
        <Filename Value="FProfesr.pp"/>
        <IsPartOfProject Value="True"/>
        <HasResources Value="True"/>
        <UsageCount Value="33"/>
      </Unit15>
      <Unit16>
        <Filename Value="TTGUtls.pp"/>
        <IsPartOfProject Value="True"/>
        <UsageCount Value="33"/>
      </Unit16>
      <Unit17>
        <Filename Value="UConfig.pp"/>
        <IsPartOfProject Value="True"/>
        <UsageCount Value="33"/>
      </Unit17>
      <Unit18>
        <Filename Value="FConfig.pp"/>
        <IsPartOfProject Value="True"/>
        <ComponentName Value="ConfiguracionForm"/>
        <HasResources Value="True"/>
        <ResourceBaseClass Value="Form"/>
        <UnitName Value="FConfig"/>
        <CursorPos X="20" Y="187"/>
        <TopLine Value="169"/>
        <EditorIndex Value="1"/>
        <UsageCount Value="33"/>
        <Loaded Value="True"/>
      </Unit18>
      <Unit19>
        <Filename Value="FLogstic.pp"/>
        <IsPartOfProject Value="True"/>
        <HasResources Value="True"/>
        <UsageCount Value="33"/>
      </Unit19>
      <Unit20>
        <Filename Value="FHorPara.pp"/>
        <IsPartOfProject Value="True"/>
        <HasResources Value="True"/>
        <UsageCount Value="33"/>
      </Unit20>
      <Unit21>
        <Filename Value="FMasDeEd.pp"/>
        <IsPartOfProject Value="True"/>
        <HasResources Value="True"/>
        <UsageCount Value="33"/>
      </Unit21>
      <Unit22>
        <Filename Value="FHorAulT.pp"/>
        <IsPartOfProject Value="True"/>
        <HasResources Value="True"/>
        <UsageCount Value="33"/>
      </Unit22>
      <Unit23>
        <Filename Value="FSplash.pp"/>
        <IsPartOfProject Value="True"/>
        <ComponentName Value="SplashForm"/>
        <HasResources Value="True"/>
        <ResourceBaseClass Value="Form"/>
        <UnitName Value="FSplash"/>
        <CursorPos X="7" Y="49"/>
        <TopLine Value="36"/>
        <EditorIndex Value="2"/>
        <UsageCount Value="33"/>
        <Loaded Value="True"/>
      </Unit23>
      <Unit24>
        <Filename Value="FParalel.pp"/>
        <IsPartOfProject Value="True"/>
        <ComponentName Value="ParaleloForm"/>
        <HasResources Value="True"/>
        <ResourceBaseClass Value="Form"/>
        <UnitName Value="FParalel"/>
        <CursorPos X="49" Y="26"/>
        <TopLine Value="26"/>
        <EditorIndex Value="14"/>
        <UsageCount Value="33"/>
        <Loaded Value="True"/>
      </Unit24>
      <Unit25>
        <Filename Value="FSingEdt.pp"/>
        <IsPartOfProject Value="True"/>
        <ComponentName Value="SingleEditorForm"/>
        <HasResources Value="True"/>
        <ResourceBaseClass Value="Form"/>
        <UsageCount Value="33"/>
      </Unit25>
      <Unit26>
        <Filename Value="FHorario.pp"/>
        <IsPartOfProject Value="True"/>
        <ComponentName Value="HorarioForm"/>
        <HasResources Value="True"/>
        <ResourceBaseClass Value="Form"/>
        <UnitName Value="FHorario"/>
        <CursorPos X="104" Y="9"/>
        <TopLine Value="1"/>
        <EditorIndex Value="5"/>
        <UsageCount Value="33"/>
        <Loaded Value="True"/>
      </Unit26>
      <Unit27>
        <Filename Value="HorColCm.pp"/>
        <IsPartOfProject Value="True"/>
        <UsageCount Value="33"/>
      </Unit27>
      <Unit28>
        <Filename Value="FHorProf.pp"/>
        <IsPartOfProject Value="True"/>
        <ComponentName Value="HorarioProfesorForm"/>
        <HasResources Value="True"/>
        <ResourceBaseClass Value="Form"/>
        <UnitName Value="FHorProf"/>
        <CursorPos X="1" Y="1"/>
        <TopLine Value="1"/>
        <UsageCount Value="33"/>
      </Unit28>
      <Unit29>
        <Filename Value="DSrcBase.pp"/>
        <IsPartOfProject Value="True"/>
        <ComponentName Value="SourceBaseDataModule"/>
        <HasResources Value="True"/>
        <ResourceBaseClass Value="DataModule"/>
        <UnitName Value="DSrcBase"/>
        <CursorPos X="37" Y="141"/>
        <TopLine Value="141"/>
        <EditorIndex Value="6"/>
        <UsageCount Value="33"/>
        <Loaded Value="True"/>
      </Unit29>
      <Unit30>
        <Filename Value="RelUtils.pp"/>
        <IsPartOfProject Value="True"/>
        <UsageCount Value="33"/>
      </Unit30>
      <Unit31>
        <Filename Value="DSource.pp"/>
        <IsPartOfProject Value="True"/>
        <ComponentName Value="SourceDataModule"/>
        <HasResources Value="True"/>
        <ResourceBaseClass Value="DataModule"/>
        <UnitName Value="DSource"/>
        <CursorPos X="3" Y="385"/>
        <TopLine Value="377"/>
        <EditorIndex Value="3"/>
        <UsageCount Value="33"/>
        <Loaded Value="True"/>
      </Unit31>
      <Unit32>
        <Filename Value="FSelPeIn.pp"/>
        <IsPartOfProject Value="True"/>
        <HasResources Value="True"/>
        <UsageCount Value="33"/>
      </Unit32>
      <Unit33>
        <Filename Value="DBase.pp"/>
        <IsPartOfProject Value="True"/>
        <ComponentName Value="BaseDataModule"/>
        <HasResources Value="True"/>
        <ResourceBaseClass Value="DataModule"/>
        <UnitName Value="DBase"/>
        <CursorPos X="74" Y="130"/>
        <TopLine Value="123"/>
        <EditorIndex Value="7"/>
        <UsageCount Value="33"/>
        <Loaded Value="True"/>
      </Unit33>
      <Unit34>
        <Filename Value="TTG.inc"/>
        <CursorPos X="1" Y="1"/>
        <TopLine Value="1"/>
        <UsageCount Value="9"/>
      </Unit34>
      <Unit35>
        <Filename Value="C:/lazarus/lcl/interfaces/win32/win32wscontrols.pp"/>
        <UnitName Value="Win32WSControls"/>
        <CursorPos X="1" Y="224"/>
        <TopLine Value="213"/>
        <UsageCount Value="9"/>
      </Unit35>
      <Unit36>
        <Filename Value="FMain.lfm"/>
        <CursorPos X="1" Y="1"/>
        <TopLine Value="1"/>
        <EditorIndex Value="13"/>
        <UsageCount Value="10"/>
        <Loaded Value="True"/>
        <SyntaxHighlighter Value="LFM"/>
      </Unit36>
      <Unit37>
        <Filename Value="TTG.lrs"/>
        <CursorPos X="1" Y="5236"/>
        <TopLine Value="5212"/>
        <UsageCount Value="14"/>
      </Unit37>
      <Unit38>
        <Filename Value="/usr/lib/lazarus/0.9.28.2/lcl/include/application.inc"/>
        <CursorPos X="35" Y="1959"/>
        <TopLine Value="1949"/>
        <UsageCount Value="14"/>
      </Unit38>
      <Unit39>
        <Filename Value="/usr/share/fpcsrc/2.4.0/packages/fcl-db/src/sqlite/sqlite3ds.pas"/>
        <UnitName Value="Sqlite3DS"/>
        <CursorPos X="32" Y="41"/>
        <TopLine Value="23"/>
        <UsageCount Value="14"/>
      </Unit39>
      <Unit40>
        <Filename Value="/usr/share/fpcsrc/2.4.0/packages/sqlite/src/sqlite3.pp"/>
        <UnitName Value="sqlite3"/>
        <CursorPos X="10" Y="1"/>
        <TopLine Value="1"/>
        <UsageCount Value="14"/>
      </Unit40>
      <Unit41>
        <Filename Value="/usr/share/fpcsrc/2.4.0/packages/sqlite/src/sqlite3.inc"/>
        <CursorPos X="37" Y="387"/>
        <TopLine Value="387"/>
        <UsageCount Value="14"/>
      </Unit41>
      <Unit42>
        <Filename Value="/usr/share/fpcsrc/2.4.0/packages/fcl-db/src/sqlite/customsqliteds.pas"/>
        <UnitName Value="CustomSqliteDS"/>
        <CursorPos X="36" Y="95"/>
        <TopLine Value="93"/>
        <UsageCount Value="14"/>
      </Unit42>
      <Unit43>
        <Filename Value="/usr/share/fpcsrc/2.4.0/packages/fcl-db/src/base/db.pas"/>
        <UnitName Value="db"/>
        <CursorPos X="29" Y="607"/>
        <TopLine Value="601"/>
        <UsageCount Value="14"/>
      </Unit43>
      <Unit44>
        <Filename Value="../../fpc/rtl/objpas/sysutils/datih.inc"/>
        <CursorPos X="53" Y="52"/>
        <TopLine Value="44"/>
        <UsageCount Value="10"/>
      </Unit44>
      <Unit45>
        <Filename Value="../../fpc/rtl/objpas/sysutils/dati.inc"/>
        <CursorPos X="1" Y="360"/>
        <TopLine Value="337"/>
        <UsageCount Value="10"/>
      </Unit45>
      <Unit46>
        <Filename Value="../../lazarus/lcl/include/control.inc"/>
        <CursorPos X="25" Y="2783"/>
        <TopLine Value="3096"/>
        <UsageCount Value="10"/>
      </Unit46>
      <Unit47>
        <Filename Value="../../lazarus/lcl/interfaces/gtk2/gtk2lclintf.inc"/>
        <CursorPos X="62" Y="1145"/>
        <TopLine Value="1139"/>
        <UsageCount Value="11"/>
      </Unit47>
      <Unit48>
        <Filename Value="../../fpc/rtl/objpas/sysutils/sysinth.inc"/>
        <CursorPos X="10" Y="79"/>
        <TopLine Value="56"/>
        <UsageCount Value="10"/>
      </Unit48>
      <Unit49>
        <Filename Value="FParalel.lfm"/>
        <CursorPos X="1" Y="1"/>
        <TopLine Value="1"/>
        <UsageCount Value="10"/>
      </Unit49>
      <Unit50>
        <Filename Value="C:/lazarus/lcl/include/progressbar.inc"/>
        <CursorPos X="1" Y="118"/>
        <TopLine Value="107"/>
        <UsageCount Value="10"/>
      </Unit50>
      <Unit51>
        <Filename Value="C:/lazarus/lcl/forms.pp"/>
        <UnitName Value="Forms"/>
        <CursorPos X="21" Y="531"/>
        <TopLine Value="520"/>
        <UsageCount Value="10"/>
      </Unit51>
      <Unit52>
        <Filename Value="C:/lazarus/lcl/include/customform.inc"/>
        <CursorPos X="3" Y="1673"/>
        <TopLine Value="1654"/>
        <UsageCount Value="10"/>
      </Unit52>
      <Unit53>
        <Filename Value="FCrsMME0.lfm"/>
        <CursorPos X="1" Y="1"/>
        <TopLine Value="1"/>
        <EditorIndex Value="11"/>
        <UsageCount Value="10"/>
        <Loaded Value="True"/>
        <SyntaxHighlighter Value="LFM"/>
      </Unit53>
    </Units>
    <JumpHistory Count="30" HistoryIndex="29">
      <Position1>
        <Filename Value="TTG.lpr"/>
        <Caret Line="67" Column="1" TopLine="56"/>
      </Position1>
      <Position2>
        <Filename Value="TTG.lpr"/>
        <Caret Line="68" Column="1" TopLine="57"/>
      </Position2>
      <Position3>
        <Filename Value="TTG.lpr"/>
        <Caret Line="69" Column="1" TopLine="58"/>
      </Position3>
      <Position4>
        <Filename Value="TTG.lpr"/>
        <Caret Line="70" Column="1" TopLine="59"/>
      </Position4>
      <Position5>
        <Filename Value="TTG.lpr"/>
        <Caret Line="71" Column="1" TopLine="60"/>
      </Position5>
      <Position6>
        <Filename Value="TTG.lpr"/>
        <Caret Line="72" Column="1" TopLine="61"/>
      </Position6>
      <Position7>
        <Filename Value="TTG.lpr"/>
        <Caret Line="73" Column="1" TopLine="62"/>
      </Position7>
      <Position8>
        <Filename Value="TTG.lpr"/>
        <Caret Line="76" Column="39" TopLine="59"/>
      </Position8>
      <Position9>
        <Filename Value="TTG.lpr"/>
        <Caret Line="63" Column="41" TopLine="59"/>
      </Position9>
      <Position10>
        <Filename Value="TTG.lpr"/>
        <Caret Line="73" Column="1" TopLine="59"/>
      </Position10>
      <Position11>
        <Filename Value="FSplash.pp"/>
        <Caret Line="45" Column="1" TopLine="45"/>
      </Position11>
      <Position12>
        <Filename Value="FSplash.pp"/>
        <Caret Line="49" Column="5" TopLine="36"/>
      </Position12>
      <Position13>
        <Filename Value="FSplash.pp"/>
        <Caret Line="51" Column="1" TopLine="38"/>
      </Position13>
      <Position14>
        <Filename Value="TTG.lpr"/>
        <Caret Line="74" Column="1" TopLine="59"/>
      </Position14>
      <Position15>
        <Filename Value="TTG.lpr"/>
        <Caret Line="75" Column="1" TopLine="59"/>
      </Position15>
      <Position16>
        <Filename Value="FSplash.pp"/>
        <Caret Line="49" Column="1" TopLine="36"/>
      </Position16>
      <Position17>
        <Filename Value="FSplash.pp"/>
        <Caret Line="50" Column="1" TopLine="37"/>
      </Position17>
      <Position18>
        <Filename Value="FSplash.pp"/>
        <Caret Line="51" Column="1" TopLine="38"/>
      </Position18>
      <Position19>
        <Filename Value="TTG.lpr"/>
        <Caret Line="76" Column="1" TopLine="59"/>
      </Position19>
      <Position20>
        <Filename Value="TTG.lpr"/>
        <Caret Line="77" Column="1" TopLine="59"/>
      </Position20>
      <Position21>
        <Filename Value="FParalel.pp"/>
        <Caret Line="1" Column="1" TopLine="1"/>
      </Position21>
      <Position22>
        <Filename Value="FMain.pp"/>
        <Caret Line="1023" Column="43" TopLine="1017"/>
      </Position22>
      <Position23>
        <Filename Value="FMain.pp"/>
        <Caret Line="318" Column="40" TopLine="316"/>
      </Position23>
      <Position24>
        <Filename Value="FEditor.pp"/>
        <Caret Line="77" Column="31" TopLine="69"/>
      </Position24>
      <Position25>
        <Filename Value="FParalel.pp"/>
        <Caret Line="26" Column="49" TopLine="26"/>
      </Position25>
      <Position26>
        <Filename Value="FCrsMMER.pp"/>
        <Caret Line="21" Column="58" TopLine="1"/>
      </Position26>
      <Position27>
        <Filename Value="FCrsMME0.pp"/>
        <Caret Line="12" Column="39" TopLine="1"/>
      </Position27>
      <Position28>
        <Filename Value="FCrsMME0.pp"/>
        <Caret Line="175" Column="20" TopLine="170"/>
      </Position28>
      <Position29>
        <Filename Value="FCrsMMEd.pp"/>
        <Caret Line="24" Column="60" TopLine="20"/>
      </Position29>
      <Position30>
        <Filename Value="FCrsMMER.pp"/>
        <Caret Line="19" Column="16" TopLine="13"/>
      </Position30>
    </JumpHistory>
  </ProjectOptions>
  <CompilerOptions>
    <Version Value="8"/>
    <SearchPaths>
      <UnitOutputDirectory Value="../bin"/>
    </SearchPaths>
    <Linking>
      <Options>
        <Win32>
          <GraphicApplication Value="True"/>
        </Win32>
      </Options>
    </Linking>
    <Other>
      <CompilerPath Value="$(CompPath)"/>
    </Other>
  </CompilerOptions>
  <Debugging>
    <BreakPoints Count="1">
      <Item1>
        <Source Value="TTG.lpr"/>
        <Line Value="73"/>
      </Item1>
    </BreakPoints>
    <Exceptions Count="3">
      <Item1>
        <Name Value="EAbort"/>
      </Item1>
      <Item2>
        <Name Value="ECodetoolError"/>
      </Item2>
      <Item3>
        <Name Value="EFOpenError"/>
      </Item3>
    </Exceptions>
  </Debugging>
</CONFIG>
