<?xml version="1.0"?>
<CONFIG>
  <ProjectOptions>
    <Version Value="9"/>
    <General>
      <MainUnit Value="0"/>
      <UseXPManifest Value="True"/>
      <ActiveWindowIndexAtStart Value="0"/>
    </General>
    <VersionInfo>
      <Language Value=""/>
      <CharSet Value=""/>
    </VersionInfo>
    <BuildModes Count="1">
      <Item1 Name="default" Default="True"/>
    </BuildModes>
    <PublishOptions>
      <Version Value="2"/>
      <IgnoreBinaries Value="False"/>
      <IncludeFileFilter Value="*.(pas|pp|inc|lfm|lpr|lrs|lpi|lpk|sh|xml)"/>
      <ExcludeFileFilter Value="*.(bak|ppu|ppw|o|so);*~;backup"/>
    </PublishOptions>
    <RunParams>
      <local>
        <FormatVersion Value="1"/>
        <LaunchingApplication PathPlusParams="/usr/X11R6/bin/xterm -T 'Lazarus Run Output' -e $(LazarusDir)/tools/runwait.sh $(TargetCmdLine)"/>
        <WorkingDirectory Value="/home/edison/apps/pascal/TTG/bin"/>
      </local>
    </RunParams>
    <RequiredPackages Count="1">
      <Item1>
        <PackageName Value="LCL"/>
      </Item1>
    </RequiredPackages>
    <Units Count="61">
      <Unit0>
        <Filename Value="TTG.lpr"/>
        <IsPartOfProject Value="True"/>
        <EditorIndex Value="0"/>
        <WindowIndex Value="0"/>
        <TopLine Value="42"/>
        <CursorPos X="5" Y="70"/>
        <UsageCount Value="41"/>
        <Loaded Value="True"/>
        <LoadedDesigner Value="True"/>
      </Unit0>
      <Unit1>
        <Filename Value="FMain.pp"/>
        <IsPartOfProject Value="True"/>
        <ComponentName Value="MainForm"/>
        <HasResources Value="True"/>
        <ResourceBaseClass Value="Form"/>
        <UnitName Value="FMain"/>
        <EditorIndex Value="8"/>
        <WindowIndex Value="0"/>
        <TopLine Value="315"/>
        <CursorPos X="7" Y="324"/>
        <UsageCount Value="41"/>
        <Loaded Value="True"/>
        <LoadedDesigner Value="True"/>
      </Unit1>
      <Unit2>
        <Filename Value="DMaster.pp"/>
        <IsPartOfProject Value="True"/>
        <HasResources Value="True"/>
        <UsageCount Value="41"/>
      </Unit2>
      <Unit3>
        <Filename Value="KerModel.pp"/>
        <IsPartOfProject Value="True"/>
        <UnitName Value="KerModel"/>
        <TopLine Value="1343"/>
        <CursorPos X="24" Y="1351"/>
        <UsageCount Value="41"/>
      </Unit3>
      <Unit4>
        <Filename Value="KerEvolE.pp"/>
        <IsPartOfProject Value="True"/>
        <UnitName Value="KerEvolE"/>
        <TopLine Value="1"/>
        <CursorPos X="1" Y="1"/>
        <UsageCount Value="41"/>
      </Unit4>
      <Unit5>
        <Filename Value="FProgres.pp"/>
        <IsPartOfProject Value="True"/>
        <ComponentName Value="ProgressForm"/>
        <HasResources Value="True"/>
        <ResourceBaseClass Value="Form"/>
        <UnitName Value="FProgres"/>
        <TopLine Value="1"/>
        <CursorPos X="1" Y="1"/>
        <UsageCount Value="41"/>
      </Unit5>
      <Unit6>
        <Filename Value="SortAlgs.pp"/>
        <IsPartOfProject Value="True"/>
        <UsageCount Value="41"/>
      </Unit6>
      <Unit7>
        <Filename Value="Rand.pp"/>
        <IsPartOfProject Value="True"/>
        <UsageCount Value="41"/>
      </Unit7>
      <Unit8>
        <Filename Value="About.pp"/>
        <IsPartOfProject Value="True"/>
        <UsageCount Value="41"/>
      </Unit8>
      <Unit9>
        <Filename Value="FCrsMMEd.pp"/>
        <IsPartOfProject Value="True"/>
        <ComponentName Value="CrossManyToManyEditorForm"/>
        <HasResources Value="True"/>
        <ResourceBaseClass Value="Form"/>
        <UnitName Value="FCrsMMEd"/>
        <EditorIndex Value="10"/>
        <WindowIndex Value="0"/>
        <TopLine Value="319"/>
        <CursorPos X="45" Y="334"/>
        <UsageCount Value="41"/>
        <Loaded Value="True"/>
        <LoadedDesigner Value="True"/>
      </Unit9>
      <Unit10>
        <Filename Value="FCrsMME0.pp"/>
        <IsPartOfProject Value="True"/>
        <ComponentName Value="CrossManyToManyEditor0Form"/>
        <HasResources Value="True"/>
        <ResourceBaseClass Value="Form"/>
        <UnitName Value="FCrsMME0"/>
        <EditorIndex Value="9"/>
        <WindowIndex Value="0"/>
        <TopLine Value="35"/>
        <CursorPos X="38" Y="63"/>
        <UsageCount Value="41"/>
        <Loaded Value="True"/>
        <LoadedDesigner Value="True"/>
      </Unit10>
      <Unit11>
        <Filename Value="FCrsMME1.pp"/>
        <IsPartOfProject Value="True"/>
        <ComponentName Value="CrossManyToManyEditor1Form"/>
        <HasResources Value="True"/>
        <ResourceBaseClass Value="Form"/>
        <UsageCount Value="41"/>
      </Unit11>
      <Unit12>
        <Filename Value="FCrsMMER.pp"/>
        <IsPartOfProject Value="True"/>
        <ComponentName Value="CrossManyToManyEditorRForm"/>
        <HasResources Value="True"/>
        <ResourceBaseClass Value="Form"/>
        <UnitName Value="FCrsMMER"/>
        <EditorIndex Value="4"/>
        <WindowIndex Value="0"/>
        <TopLine Value="106"/>
        <CursorPos X="3" Y="109"/>
        <UsageCount Value="41"/>
        <Loaded Value="True"/>
        <LoadedDesigner Value="True"/>
      </Unit12>
      <Unit13>
        <Filename Value="FEditor.pp"/>
        <IsPartOfProject Value="True"/>
        <ComponentName Value="EditorForm"/>
        <HasResources Value="True"/>
        <ResourceBaseClass Value="Form"/>
        <UnitName Value="FEditor"/>
        <EditorIndex Value="11"/>
        <WindowIndex Value="0"/>
        <TopLine Value="74"/>
        <CursorPos X="1" Y="94"/>
        <UsageCount Value="41"/>
        <Loaded Value="True"/>
        <LoadedDesigner Value="True"/>
      </Unit13>
      <Unit14>
        <Filename Value="FMateria.pp"/>
        <IsPartOfProject Value="True"/>
        <HasResources Value="True"/>
        <UsageCount Value="41"/>
      </Unit14>
      <Unit15>
        <Filename Value="FProfesr.pp"/>
        <IsPartOfProject Value="True"/>
        <HasResources Value="True"/>
        <UsageCount Value="41"/>
      </Unit15>
      <Unit16>
        <Filename Value="TTGUtls.pp"/>
        <IsPartOfProject Value="True"/>
        <UsageCount Value="41"/>
      </Unit16>
      <Unit17>
        <Filename Value="UConfig.pp"/>
        <IsPartOfProject Value="True"/>
        <UsageCount Value="41"/>
      </Unit17>
      <Unit18>
        <Filename Value="FConfig.pp"/>
        <IsPartOfProject Value="True"/>
        <ComponentName Value="ConfiguracionForm"/>
        <HasResources Value="True"/>
        <ResourceBaseClass Value="Form"/>
        <UnitName Value="FConfig"/>
        <EditorIndex Value="1"/>
        <WindowIndex Value="0"/>
        <TopLine Value="169"/>
        <CursorPos X="46" Y="178"/>
        <UsageCount Value="41"/>
        <Loaded Value="True"/>
        <LoadedDesigner Value="True"/>
      </Unit18>
      <Unit19>
        <Filename Value="FLogstic.pp"/>
        <IsPartOfProject Value="True"/>
        <HasResources Value="True"/>
        <UsageCount Value="41"/>
      </Unit19>
      <Unit20>
        <Filename Value="FHorPara.pp"/>
        <IsPartOfProject Value="True"/>
        <HasResources Value="True"/>
        <UsageCount Value="41"/>
      </Unit20>
      <Unit21>
        <Filename Value="FMasDeEd.pp"/>
        <IsPartOfProject Value="True"/>
        <HasResources Value="True"/>
        <UsageCount Value="41"/>
      </Unit21>
      <Unit22>
        <Filename Value="FHorAulT.pp"/>
        <IsPartOfProject Value="True"/>
        <HasResources Value="True"/>
        <UsageCount Value="41"/>
      </Unit22>
      <Unit23>
        <Filename Value="FSplash.pp"/>
        <IsPartOfProject Value="True"/>
        <ComponentName Value="SplashForm"/>
        <HasResources Value="True"/>
        <ResourceBaseClass Value="Form"/>
        <UnitName Value="FSplash"/>
        <EditorIndex Value="2"/>
        <WindowIndex Value="0"/>
        <TopLine Value="36"/>
        <CursorPos X="7" Y="49"/>
        <UsageCount Value="41"/>
        <Loaded Value="True"/>
        <LoadedDesigner Value="True"/>
      </Unit23>
      <Unit24>
        <Filename Value="FParalel.pp"/>
        <IsPartOfProject Value="True"/>
        <ComponentName Value="ParaleloForm"/>
        <HasResources Value="True"/>
        <ResourceBaseClass Value="Form"/>
        <UnitName Value="FParalel"/>
        <IsVisibleTab Value="True"/>
        <EditorIndex Value="13"/>
        <WindowIndex Value="0"/>
        <TopLine Value="40"/>
        <CursorPos X="1" Y="55"/>
        <UsageCount Value="41"/>
        <Loaded Value="True"/>
        <LoadedDesigner Value="True"/>
      </Unit24>
      <Unit25>
        <Filename Value="FSingEdt.pp"/>
        <IsPartOfProject Value="True"/>
        <ComponentName Value="SingleEditorForm"/>
        <HasResources Value="True"/>
        <ResourceBaseClass Value="Form"/>
        <UnitName Value="FSingEdt"/>
        <EditorIndex Value="12"/>
        <WindowIndex Value="0"/>
        <TopLine Value="50"/>
        <CursorPos X="5" Y="69"/>
        <UsageCount Value="41"/>
        <Loaded Value="True"/>
        <LoadedDesigner Value="True"/>
      </Unit25>
      <Unit26>
        <Filename Value="FHorario.pp"/>
        <IsPartOfProject Value="True"/>
        <ComponentName Value="HorarioForm"/>
        <HasResources Value="True"/>
        <ResourceBaseClass Value="Form"/>
        <UnitName Value="FHorario"/>
        <EditorIndex Value="5"/>
        <WindowIndex Value="0"/>
        <TopLine Value="1"/>
        <CursorPos X="104" Y="9"/>
        <UsageCount Value="41"/>
        <Loaded Value="True"/>
        <LoadedDesigner Value="True"/>
      </Unit26>
      <Unit27>
        <Filename Value="HorColCm.pp"/>
        <IsPartOfProject Value="True"/>
        <UsageCount Value="41"/>
      </Unit27>
      <Unit28>
        <Filename Value="FHorProf.pp"/>
        <IsPartOfProject Value="True"/>
        <ComponentName Value="HorarioProfesorForm"/>
        <HasResources Value="True"/>
        <ResourceBaseClass Value="Form"/>
        <UnitName Value="FHorProf"/>
        <TopLine Value="1"/>
        <CursorPos X="1" Y="1"/>
        <UsageCount Value="41"/>
      </Unit28>
      <Unit29>
        <Filename Value="DSrcBase.pp"/>
        <IsPartOfProject Value="True"/>
        <ComponentName Value="SourceBaseDataModule"/>
        <HasResources Value="True"/>
        <ResourceBaseClass Value="DataModule"/>
        <UnitName Value="DSrcBase"/>
        <EditorIndex Value="6"/>
        <WindowIndex Value="0"/>
        <TopLine Value="141"/>
        <CursorPos X="37" Y="141"/>
        <UsageCount Value="41"/>
        <Loaded Value="True"/>
        <LoadedDesigner Value="True"/>
      </Unit29>
      <Unit30>
        <Filename Value="RelUtils.pp"/>
        <IsPartOfProject Value="True"/>
        <UsageCount Value="41"/>
      </Unit30>
      <Unit31>
        <Filename Value="DSource.pp"/>
        <IsPartOfProject Value="True"/>
        <ComponentName Value="SourceDataModule"/>
        <HasResources Value="True"/>
        <ResourceBaseClass Value="DataModule"/>
        <UnitName Value="DSource"/>
        <EditorIndex Value="3"/>
        <WindowIndex Value="0"/>
        <TopLine Value="293"/>
        <CursorPos X="26" Y="306"/>
        <UsageCount Value="41"/>
        <Loaded Value="True"/>
        <LoadedDesigner Value="True"/>
      </Unit31>
      <Unit32>
        <Filename Value="FSelPeIn.pp"/>
        <IsPartOfProject Value="True"/>
        <HasResources Value="True"/>
        <UsageCount Value="41"/>
      </Unit32>
      <Unit33>
        <Filename Value="DBase.pp"/>
        <IsPartOfProject Value="True"/>
        <ComponentName Value="BaseDataModule"/>
        <HasResources Value="True"/>
        <ResourceBaseClass Value="DataModule"/>
        <UnitName Value="DBase"/>
        <EditorIndex Value="7"/>
        <WindowIndex Value="0"/>
        <TopLine Value="123"/>
        <CursorPos X="74" Y="130"/>
        <UsageCount Value="41"/>
        <Loaded Value="True"/>
        <LoadedDesigner Value="True"/>
      </Unit33>
      <Unit34>
        <Filename Value="TTG.inc"/>
        <TopLine Value="1"/>
        <CursorPos X="1" Y="1"/>
        <UsageCount Value="9"/>
      </Unit34>
      <Unit35>
        <Filename Value="C:/lazarus/lcl/interfaces/win32/win32wscontrols.pp"/>
        <UnitName Value="Win32WSControls"/>
        <TopLine Value="213"/>
        <CursorPos X="1" Y="224"/>
        <UsageCount Value="9"/>
      </Unit35>
      <Unit36>
        <Filename Value="FMain.lfm"/>
        <WindowIndex Value="0"/>
        <TopLine Value="1"/>
        <CursorPos X="1" Y="1"/>
        <UsageCount Value="13"/>
        <DefaultSyntaxHighlighter Value="LFM"/>
      </Unit36>
      <Unit37>
        <Filename Value="TTG.lrs"/>
        <TopLine Value="5212"/>
        <CursorPos X="1" Y="5236"/>
        <UsageCount Value="14"/>
      </Unit37>
      <Unit38>
        <Filename Value="/usr/lib/lazarus/0.9.28.2/lcl/include/application.inc"/>
        <TopLine Value="1949"/>
        <CursorPos X="35" Y="1959"/>
        <UsageCount Value="14"/>
      </Unit38>
      <Unit39>
        <Filename Value="/usr/share/fpcsrc/2.4.0/packages/fcl-db/src/sqlite/sqlite3ds.pas"/>
        <UnitName Value="Sqlite3DS"/>
        <TopLine Value="23"/>
        <CursorPos X="32" Y="41"/>
        <UsageCount Value="14"/>
      </Unit39>
      <Unit40>
        <Filename Value="/usr/share/fpcsrc/2.4.0/packages/sqlite/src/sqlite3.pp"/>
        <UnitName Value="sqlite3"/>
        <TopLine Value="1"/>
        <CursorPos X="10" Y="1"/>
        <UsageCount Value="14"/>
      </Unit40>
      <Unit41>
        <Filename Value="/usr/share/fpcsrc/2.4.0/packages/sqlite/src/sqlite3.inc"/>
        <TopLine Value="387"/>
        <CursorPos X="37" Y="387"/>
        <UsageCount Value="14"/>
      </Unit41>
      <Unit42>
        <Filename Value="/usr/share/fpcsrc/2.4.0/packages/fcl-db/src/sqlite/customsqliteds.pas"/>
        <UnitName Value="CustomSqliteDS"/>
        <TopLine Value="93"/>
        <CursorPos X="36" Y="95"/>
        <UsageCount Value="14"/>
      </Unit42>
      <Unit43>
        <Filename Value="/usr/share/fpcsrc/2.4.0/packages/fcl-db/src/base/db.pas"/>
        <UnitName Value="db"/>
        <TopLine Value="601"/>
        <CursorPos X="29" Y="607"/>
        <UsageCount Value="14"/>
      </Unit43>
      <Unit44>
        <Filename Value="../../fpc/rtl/objpas/sysutils/datih.inc"/>
        <TopLine Value="44"/>
        <CursorPos X="53" Y="52"/>
        <UsageCount Value="10"/>
      </Unit44>
      <Unit45>
        <Filename Value="../../fpc/rtl/objpas/sysutils/dati.inc"/>
        <TopLine Value="337"/>
        <CursorPos X="1" Y="360"/>
        <UsageCount Value="10"/>
      </Unit45>
      <Unit46>
        <Filename Value="../../lazarus/lcl/include/control.inc"/>
        <TopLine Value="3096"/>
        <CursorPos X="25" Y="2783"/>
        <UsageCount Value="10"/>
      </Unit46>
      <Unit47>
        <Filename Value="../../lazarus/lcl/interfaces/gtk2/gtk2lclintf.inc"/>
        <TopLine Value="1139"/>
        <CursorPos X="62" Y="1145"/>
        <UsageCount Value="11"/>
      </Unit47>
      <Unit48>
        <Filename Value="../../fpc/rtl/objpas/sysutils/sysinth.inc"/>
        <TopLine Value="56"/>
        <CursorPos X="10" Y="79"/>
        <UsageCount Value="10"/>
      </Unit48>
      <Unit49>
        <Filename Value="FParalel.lfm"/>
        <TopLine Value="1"/>
        <CursorPos X="1" Y="1"/>
        <UsageCount Value="10"/>
      </Unit49>
      <Unit50>
        <Filename Value="C:/lazarus/lcl/include/progressbar.inc"/>
        <TopLine Value="107"/>
        <CursorPos X="1" Y="118"/>
        <UsageCount Value="10"/>
      </Unit50>
      <Unit51>
        <Filename Value="C:/lazarus/lcl/forms.pp"/>
        <UnitName Value="Forms"/>
        <TopLine Value="520"/>
        <CursorPos X="21" Y="531"/>
        <UsageCount Value="10"/>
      </Unit51>
      <Unit52>
        <Filename Value="C:/lazarus/lcl/include/customform.inc"/>
        <TopLine Value="1654"/>
        <CursorPos X="3" Y="1673"/>
        <UsageCount Value="10"/>
      </Unit52>
      <Unit53>
        <Filename Value="FCrsMME0.lfm"/>
        <WindowIndex Value="0"/>
        <TopLine Value="1"/>
        <CursorPos X="1" Y="1"/>
        <UsageCount Value="13"/>
        <DefaultSyntaxHighlighter Value="LFM"/>
      </Unit53>
      <Unit54>
        <Filename Value="C:/lazarus/lcl/grids.pas"/>
        <UnitName Value="Grids"/>
        <TopLine Value="7945"/>
        <CursorPos X="39" Y="7951"/>
        <UsageCount Value="11"/>
      </Unit54>
      <Unit55>
        <Filename Value="C:/lazarus/fpc/2.2.4/source/rtl/win/wininc/struct.inc"/>
        <TopLine Value="1428"/>
        <CursorPos X="11" Y="1442"/>
        <UsageCount Value="11"/>
      </Unit55>
      <Unit56>
        <Filename Value="C:/lazarus/fpc/2.2.4/source/rtl/objpas/sysutils/sysinth.inc"/>
        <TopLine Value="59"/>
        <CursorPos X="3" Y="31"/>
        <UsageCount Value="11"/>
      </Unit56>
      <Unit57>
        <Filename Value="C:/lazarus/lcl/graphics.pp"/>
        <UnitName Value="Graphics"/>
        <TopLine Value="636"/>
        <CursorPos X="25" Y="650"/>
        <UsageCount Value="11"/>
      </Unit57>
      <Unit58>
        <Filename Value="C:/lazarus/fpc/2.2.4/source/packages/fcl-image/src/fpcanvas.pp"/>
        <UnitName Value="FPCanvas"/>
        <TopLine Value="120"/>
        <CursorPos X="3" Y="134"/>
        <UsageCount Value="11"/>
      </Unit58>
      <Unit59>
        <Filename Value="../../lazarus/lcl/dbgrids.pas"/>
        <UnitName Value="DBGrids"/>
        <WindowIndex Value="0"/>
        <TopLine Value="3624"/>
        <CursorPos X="1" Y="3636"/>
        <UsageCount Value="10"/>
      </Unit59>
      <Unit60>
        <Filename Value="../../lazarus/lcl/include/customform.inc"/>
        <WindowIndex Value="0"/>
        <TopLine Value="68"/>
        <CursorPos X="1" Y="82"/>
        <UsageCount Value="10"/>
      </Unit60>
    </Units>
    <JumpHistory Count="24" HistoryIndex="23">
      <Position1>
        <Filename Value="FParalel.pp"/>
        <Caret Line="116" Column="1" TopLine="96"/>
      </Position1>
      <Position2>
        <Filename Value="FParalel.pp"/>
        <Caret Line="52" Column="1" TopLine="40"/>
      </Position2>
      <Position3>
        <Filename Value="FParalel.pp"/>
        <Caret Line="53" Column="1" TopLine="40"/>
      </Position3>
      <Position4>
        <Filename Value="FParalel.pp"/>
        <Caret Line="54" Column="1" TopLine="40"/>
      </Position4>
      <Position5>
        <Filename Value="FParalel.pp"/>
        <Caret Line="56" Column="1" TopLine="40"/>
      </Position5>
      <Position6>
        <Filename Value="FParalel.pp"/>
        <Caret Line="59" Column="1" TopLine="40"/>
      </Position6>
      <Position7>
        <Filename Value="FParalel.pp"/>
        <Caret Line="60" Column="1" TopLine="40"/>
      </Position7>
      <Position8>
        <Filename Value="FParalel.pp"/>
        <Caret Line="62" Column="1" TopLine="42"/>
      </Position8>
      <Position9>
        <Filename Value="FParalel.pp"/>
        <Caret Line="63" Column="1" TopLine="43"/>
      </Position9>
      <Position10>
        <Filename Value="FParalel.pp"/>
        <Caret Line="64" Column="1" TopLine="44"/>
      </Position10>
      <Position11>
        <Filename Value="FParalel.pp"/>
        <Caret Line="66" Column="1" TopLine="46"/>
      </Position11>
      <Position12>
        <Filename Value="FParalel.pp"/>
        <Caret Line="67" Column="1" TopLine="47"/>
      </Position12>
      <Position13>
        <Filename Value="FParalel.pp"/>
        <Caret Line="69" Column="1" TopLine="49"/>
      </Position13>
      <Position14>
        <Filename Value="FParalel.pp"/>
        <Caret Line="70" Column="1" TopLine="50"/>
      </Position14>
      <Position15>
        <Filename Value="FParalel.pp"/>
        <Caret Line="74" Column="1" TopLine="54"/>
      </Position15>
      <Position16>
        <Filename Value="FEditor.pp"/>
        <Caret Line="91" Column="1" TopLine="71"/>
      </Position16>
      <Position17>
        <Filename Value="FEditor.pp"/>
        <Caret Line="92" Column="1" TopLine="72"/>
      </Position17>
      <Position18>
        <Filename Value="FEditor.pp"/>
        <Caret Line="94" Column="1" TopLine="74"/>
      </Position18>
      <Position19>
        <Filename Value="FSingEdt.pp"/>
        <Caret Line="62" Column="1" TopLine="50"/>
      </Position19>
      <Position20>
        <Filename Value="FSingEdt.pp"/>
        <Caret Line="63" Column="34" TopLine="50"/>
      </Position20>
      <Position21>
        <Filename Value="FParalel.pp"/>
        <Caret Line="98" Column="1" TopLine="86"/>
      </Position21>
      <Position22>
        <Filename Value="FParalel.pp"/>
        <Caret Line="116" Column="1" TopLine="104"/>
      </Position22>
      <Position23>
        <Filename Value="FParalel.pp"/>
        <Caret Line="52" Column="1" TopLine="40"/>
      </Position23>
      <Position24>
        <Filename Value="FSingEdt.pp"/>
        <Caret Line="63" Column="38" TopLine="50"/>
      </Position24>
    </JumpHistory>
  </ProjectOptions>
  <CompilerOptions>
    <Version Value="10"/>
    <SearchPaths>
      <UnitOutputDirectory Value="../bin"/>
    </SearchPaths>
    <Parsing>
      <SyntaxOptions>
        <UseAnsiStrings Value="False"/>
      </SyntaxOptions>
    </Parsing>
    <Linking>
      <Options>
        <Win32>
          <GraphicApplication Value="True"/>
        </Win32>
      </Options>
    </Linking>
    <Other>
      <CompilerPath Value="$(CompPath)"/>
    </Other>
  </CompilerOptions>
  <Debugging>
    <BreakPoints Count="1">
      <Item1>
        <Source Value="TTG.lpr"/>
        <Line Value="73"/>
      </Item1>
    </BreakPoints>
    <Watches Count="2">
      <Item1>
        <Expression Value="DataSource.DataSet.Name"/>
      </Item1>
      <Item2>
        <Expression Value="ADataSet.Name"/>
      </Item2>
    </Watches>
    <Exceptions Count="3">
      <Item1>
        <Name Value="EAbort"/>
      </Item1>
      <Item2>
        <Name Value="ECodetoolError"/>
      </Item2>
      <Item3>
        <Name Value="EFOpenError"/>
      </Item3>
    </Exceptions>
  </Debugging>
</CONFIG>