<?xml version="1.0"?>
<CONFIG>
  <ProjectOptions>
    <Version Value="9"/>
    <General>
      <Flags>
        <SaveClosedFiles Value="False"/>
      </Flags>
      <SessionStorage Value="None"/>
      <MainUnit Value="0"/>
      <UseXPManifest Value="True"/>
      <Icon Value="0"/>
    </General>
    <i18n>
      <EnableI18N Value="True"/>
      <OutDir Value="locale"/>
    </i18n>
    <VersionInfo>
      <UseVersionInfo Value="True"/>
      <MajorVersionNr Value="1"/>
      <MinorVersionNr Value="2"/>
      <RevisionNr Value="2"/>
      <BuildNr Value="964"/>
      <CharSet Value="04B0"/>
      <StringTable LegalCopyright="1999-2012, Edison Mera" ProductVersion="" FileDescription="Automatic Timetable Generator"/>
    </VersionInfo>
    <MacroValues Count="1">
      <Macro1 Name="BuildLabel" Value="-debug"/>
    </MacroValues>
    <BuildModes Count="2">
      <Item1 Name="debug" Default="True"/>
      <Item2 Name="release">
        <MacroValues Count="1">
          <Macro1 Name="BuildLabel"/>
        </MacroValues>
        <CompilerOptions>
          <Version Value="11"/>
          <Target>
            <Filename Value="../bin/$(TargetCPU)-$(TargetOS)/ttg"/>
          </Target>
          <SearchPaths>
            <IncludeFiles Value="$(ProjOutDir)"/>
            <OtherUnitFiles Value="../../zeosdbo/packages/lazarus;../../zeosdbo/src/core;../../zeosdbo/src/dbc;../../zeosdbo/src/parsesql;../../zeosdbo/src/plain;../../zeosdbo/src/component;../../multithreadprocs;../../DBConvert/auxiliary"/>
            <UnitOutputDirectory Value="../obj/$(TargetCPU)-$(TargetOS)$(BuildLabel)"/>
          </SearchPaths>
          <CodeGeneration>
            <SmartLinkUnit Value="True"/>
            <Optimizations>
              <OptimizationLevel Value="3"/>
            </Optimizations>
          </CodeGeneration>
          <Linking>
            <Debugging>
              <GenerateDebugInfo Value="False"/>
            </Debugging>
            <LinkSmart Value="True"/>
          </Linking>
          <Other>
            <CompilerMessages>
              <UseMsgFile Value="True"/>
            </CompilerMessages>
            <CustomOptions Value="-dZEOS_DISABLE_MYSQL
-dZEOS_DISABLE_POSTGRESQL
-dZEOS_DISABLE_DBLIB
-dZEOS_DISABLE_ADO
-dZEOS_DISABLE_INTERBASE
-dZEOS_DISABLE_ORACLE
-dZEOS_DISABLE_ASA
-Xs- -FW../obj/$(TargetCPU)-$(TargetOS)$(BuildLabel)/ttg.wpo -OWall"/>
            <CompilerPath Value="$(CompPath)"/>
          </Other>
        </CompilerOptions>
      </Item2>
    </BuildModes>
    <PublishOptions>
      <Version Value="2"/>
      <IgnoreBinaries Value="False"/>
      <IncludeFileFilter Value="*.(pas.pas|inc|lfm|lpr|lrs|lpi|lpk|sh|xml)"/>
      <ExcludeFileFilter Value="*.(bak.pasu.pasw|o|so);*~;backup"/>
    </PublishOptions>
    <RunParams>
      <local>
        <FormatVersion Value="1"/>
      </local>
    </RunParams>
    <RequiredPackages Count="5">
      <Item1>
        <PackageName Value="SynEdit"/>
      </Item1>
      <Item2>
        <PackageName Value="zcomponent"/>
      </Item2>
      <Item3>
        <PackageName Value="MultiThreadProcsLaz"/>
      </Item3>
      <Item4>
        <PackageName Value="FCL"/>
        <MinVersion Major="1" Valid="True"/>
      </Item4>
      <Item5>
        <PackageName Value="LCL"/>
      </Item5>
    </RequiredPackages>
    <Units Count="39">
      <Unit0>
        <Filename Value="ttg.lpr"/>
        <IsPartOfProject Value="True"/>
        <UnitName Value="ttg"/>
      </Unit0>
      <Unit1>
        <Filename Value="FMain.pas"/>
        <IsPartOfProject Value="True"/>
        <ComponentName Value="MainForm"/>
        <HasResources Value="True"/>
        <ResourceBaseClass Value="Form"/>
        <UnitName Value="FMain"/>
      </Unit1>
      <Unit2>
        <Filename Value="DMaster.pas"/>
        <IsPartOfProject Value="True"/>
        <ComponentName Value="MasterDataModule"/>
        <HasResources Value="True"/>
        <ResourceBaseClass Value="DataModule"/>
        <UnitName Value="DMaster"/>
      </Unit2>
      <Unit3>
        <Filename Value="UTTModel.pas"/>
        <IsPartOfProject Value="True"/>
        <UnitName Value="UTTModel"/>
      </Unit3>
      <Unit4>
        <Filename Value="UEvolElitist.pas"/>
        <IsPartOfProject Value="True"/>
        <UnitName Value="UEvolElitist"/>
      </Unit4>
      <Unit5>
        <Filename Value="FProgress.pas"/>
        <IsPartOfProject Value="True"/>
        <ComponentName Value="ProgressForm"/>
        <HasResources Value="True"/>
        <ResourceBaseClass Value="Form"/>
        <UnitName Value="FProgress"/>
      </Unit5>
      <Unit6>
        <Filename Value="USortAlgs.pas"/>
        <IsPartOfProject Value="True"/>
        <UnitName Value="USortAlgs"/>
      </Unit6>
      <Unit7>
        <Filename Value="FCrossManyToManyEditor.pas"/>
        <IsPartOfProject Value="True"/>
        <ComponentName Value="CrossManyToManyEditorForm"/>
        <HasResources Value="True"/>
        <ResourceBaseClass Value="Form"/>
        <UnitName Value="FCrossManyToManyEditor"/>
      </Unit7>
      <Unit8>
        <Filename Value="FCrossManyToManyEditor0.pas"/>
        <IsPartOfProject Value="True"/>
        <ComponentName Value="CrossManyToManyEditor0Form"/>
        <HasResources Value="True"/>
        <ResourceBaseClass Value="Form"/>
        <UnitName Value="FCrossManyToManyEditor0"/>
      </Unit8>
      <Unit9>
        <Filename Value="FCrossManyToManyEditor1.pas"/>
        <IsPartOfProject Value="True"/>
        <ComponentName Value="CrossManyToManyEditor1Form"/>
        <HasResources Value="True"/>
        <ResourceBaseClass Value="Form"/>
        <UnitName Value="FCrossManyToManyEditor1"/>
      </Unit9>
      <Unit10>
        <Filename Value="FCrossManytoManyEditorR.pas"/>
        <IsPartOfProject Value="True"/>
        <ComponentName Value="CrossManyToManyEditorRForm"/>
        <HasResources Value="True"/>
        <ResourceBaseClass Value="Form"/>
        <UnitName Value="FCrossManytoManyEditorR"/>
      </Unit10>
      <Unit11>
        <Filename Value="FEditor.pas"/>
        <IsPartOfProject Value="True"/>
        <ComponentName Value="EditorForm"/>
        <HasResources Value="True"/>
        <ResourceBaseClass Value="Form"/>
        <UnitName Value="FEditor"/>
      </Unit11>
      <Unit12>
        <Filename Value="FTheme.pas"/>
        <IsPartOfProject Value="True"/>
        <ComponentName Value="ThemeForm"/>
        <HasResources Value="True"/>
        <ResourceBaseClass Value="Form"/>
        <UnitName Value="FTheme"/>
      </Unit12>
      <Unit13>
        <Filename Value="FResource.pas"/>
        <IsPartOfProject Value="True"/>
        <ComponentName Value="ResourceForm"/>
        <HasResources Value="True"/>
        <ResourceBaseClass Value="Form"/>
        <UnitName Value="FResource"/>
      </Unit13>
      <Unit14>
        <Filename Value="UTTGDBUtils.pas"/>
        <IsPartOfProject Value="True"/>
        <UnitName Value="UTTGDBUtils"/>
      </Unit14>
      <Unit15>
        <Filename Value="UConfigStorage.pas"/>
        <IsPartOfProject Value="True"/>
        <UnitName Value="UConfigStorage"/>
      </Unit15>
      <Unit16>
        <Filename Value="FConfig.pas"/>
        <IsPartOfProject Value="True"/>
        <ComponentName Value="ConfigForm"/>
        <HasResources Value="True"/>
        <ResourceBaseClass Value="Form"/>
        <UnitName Value="FConfig"/>
      </Unit16>
      <Unit17>
        <Filename Value="FMasterDetailEditor.pas"/>
        <IsPartOfProject Value="True"/>
        <ComponentName Value="MasterDetailEditorForm"/>
        <HasResources Value="True"/>
        <ResourceBaseClass Value="Form"/>
        <UnitName Value="FMasterDetailEditor"/>
      </Unit17>
      <Unit18>
        <Filename Value="FSplash.pas"/>
        <IsPartOfProject Value="True"/>
        <ComponentName Value="SplashForm"/>
        <HasResources Value="True"/>
        <ResourceBaseClass Value="Form"/>
        <UnitName Value="FSplash"/>
      </Unit18>
      <Unit19>
        <Filename Value="FSingleEditor.pas"/>
        <IsPartOfProject Value="True"/>
        <ComponentName Value="SingleEditorForm"/>
        <HasResources Value="True"/>
        <ResourceBaseClass Value="Form"/>
        <UnitName Value="FSingleEditor"/>
      </Unit19>
      <Unit20>
        <Filename Value="FTimetable.pas"/>
        <IsPartOfProject Value="True"/>
        <ComponentName Value="TimetableForm"/>
        <HasResources Value="True"/>
        <ResourceBaseClass Value="Form"/>
        <UnitName Value="FTimetable"/>
      </Unit20>
      <Unit21>
        <Filename Value="FTimetableResource.pas"/>
        <IsPartOfProject Value="True"/>
        <ComponentName Value="TimetableResourceForm"/>
        <HasResources Value="True"/>
        <ResourceBaseClass Value="Form"/>
        <UnitName Value="FTimetableResource"/>
      </Unit21>
      <Unit22>
        <Filename Value="DSourceBase.pas"/>
        <IsPartOfProject Value="True"/>
        <ComponentName Value="SourceBaseDataModule"/>
        <HasResources Value="True"/>
        <ResourceBaseClass Value="DataModule"/>
        <UnitName Value="DSourceBase"/>
      </Unit22>
      <Unit23>
        <Filename Value="../../DBConvert/auxiliary/URelUtils.pas"/>
        <IsPartOfProject Value="True"/>
        <UnitName Value="URelUtils"/>
      </Unit23>
      <Unit24>
        <Filename Value="DSource.pas"/>
        <IsPartOfProject Value="True"/>
        <ComponentName Value="SourceDataModule"/>
        <HasResources Value="True"/>
        <ResourceBaseClass Value="DataModule"/>
        <UnitName Value="DSource"/>
      </Unit24>
      <Unit25>
        <Filename Value="FSelPeriod.pas"/>
        <IsPartOfProject Value="True"/>
        <ComponentName Value="SelPeriodForm"/>
        <HasResources Value="True"/>
        <ResourceBaseClass Value="Form"/>
        <UnitName Value="FSelPeriod"/>
      </Unit25>
      <Unit26>
        <Filename Value="../../DBConvert/auxiliary/DBase.pas"/>
        <IsPartOfProject Value="True"/>
        <ComponentName Value="BaseDataModule"/>
        <HasResources Value="True"/>
        <ResourceBaseClass Value="DataModule"/>
        <UnitName Value="DBase"/>
      </Unit26>
      <Unit27>
        <Filename Value="UTTGConfig.pas"/>
        <IsPartOfProject Value="True"/>
        <UnitName Value="UTTGConfig"/>
      </Unit27>
      <Unit28>
        <Filename Value="UModel.pas"/>
        <IsPartOfProject Value="True"/>
        <UnitName Value="UModel"/>
      </Unit28>
      <Unit29>
        <Filename Value="UMakeTT.pas"/>
        <IsPartOfProject Value="True"/>
        <UnitName Value="UMakeTT"/>
      </Unit29>
      <Unit30>
        <Filename Value="UDownHill.pas"/>
        <IsPartOfProject Value="True"/>
        <UnitName Value="UDownHill"/>
      </Unit30>
      <Unit31>
        <Filename Value="USolver.pas"/>
        <IsPartOfProject Value="True"/>
        <UnitName Value="USolver"/>
      </Unit31>
      <Unit32>
        <Filename Value="UTTGBasics.pas"/>
        <IsPartOfProject Value="True"/>
        <UnitName Value="UTTGBasics"/>
      </Unit32>
      <Unit33>
        <Filename Value="UAbout.pas"/>
        <IsPartOfProject Value="True"/>
        <UnitName Value="UAbout"/>
      </Unit33>
      <Unit34>
        <Filename Value="FMessageView.pas"/>
        <IsPartOfProject Value="True"/>
        <ComponentName Value="MessageViewForm"/>
        <HasResources Value="True"/>
        <ResourceBaseClass Value="Form"/>
        <UnitName Value="FMessageView"/>
      </Unit34>
      <Unit35>
        <Filename Value="UTTGi18n.pas"/>
        <IsPartOfProject Value="True"/>
        <UnitName Value="UTTGi18n"/>
      </Unit35>
      <Unit36>
        <Filename Value="UTTGConsts.pas"/>
        <IsPartOfProject Value="True"/>
        <UnitName Value="UTTGConsts"/>
      </Unit36>
      <Unit37>
        <Filename Value="DSourceBaseConsts.pas"/>
        <IsPartOfProject Value="True"/>
        <UnitName Value="DSourceBaseConsts"/>
      </Unit37>
      <Unit38>
        <Filename Value="FDBExplorer.pas"/>
        <IsPartOfProject Value="True"/>
        <ComponentName Value="DBExplorerForm"/>
        <ResourceBaseClass Value="Form"/>
        <UnitName Value="FDBExplorer"/>
      </Unit38>
    </Units>
  </ProjectOptions>
  <CompilerOptions>
    <Version Value="11"/>
    <Target>
      <Filename Value="../bin/$(TargetCPU)-$(TargetOS)-debug/ttg"/>
    </Target>
    <SearchPaths>
      <IncludeFiles Value="$(ProjOutDir)"/>
      <OtherUnitFiles Value="../../zeosdbo/packages/lazarus;../../zeosdbo/src/core;../../zeosdbo/src/dbc;../../zeosdbo/src/parsesql;../../zeosdbo/src/plain;../../zeosdbo/src/component;../../multithreadprocs;../../DBConvert/auxiliary"/>
      <UnitOutputDirectory Value="../obj/$(TargetCPU)-$(TargetOS)$(BuildLabel)"/>
      <SrcPath Value="$(LazarusDir)fpc/$(FPCVer)/source/rtl/objpas;$(LazarusDir)fpc/$(FPCVer)/source/rtl/inc;$(LazarusDir)fpc/$(FPCVer)/source/rtl/$(TargetOS)"/>
    </SearchPaths>
    <Parsing>
      <SyntaxOptions>
        <UseAnsiStrings Value="False"/>
      </SyntaxOptions>
    </Parsing>
    <CodeGeneration>
      <Checks>
        <RangeChecks Value="True"/>
      </Checks>
      <Optimizations>
        <VariablesInRegisters Value="True"/>
      </Optimizations>
    </CodeGeneration>
    <Other>
      <CompilerMessages>
        <UseMsgFile Value="True"/>
      </CompilerMessages>
      <CustomOptions Value="-dZEOS_DISABLE_MYSQL
-dZEOS_DISABLE_POSTGRESQL
-dZEOS_DISABLE_DBLIB
-dZEOS_DISABLE_ADO
-dZEOS_DISABLE_INTERBASE
-dZEOS_DISABLE_ORACLE
-dZEOS_DISABLE_ASA
-dDEBUG"/>
      <CompilerPath Value="$(CompPath)"/>
      <ExecuteAfter>
        <ShowAllMessages Value="True"/>
      </ExecuteAfter>
    </Other>
  </CompilerOptions>
</CONFIG>
